// !$*UTF8*$!
{
	archiveVersion = 1;
	classes = {
	};
	objectVersion = 50;
	objects = {

/* Begin PBXBuildFile section */
		8C464EE22221270300CCDC6E /* main.cpp in Sources */ = {isa = PBXBuildFile; fileRef = 8C464EE12221270300CCDC6E /* main.cpp */; };
		8C464EED2221306D00CCDC6E /* main.cpp in Sources */ = {isa = PBXBuildFile; fileRef = 8C464EEC2221306D00CCDC6E /* main.cpp */; };
		8C464EF822219DDB00CCDC6E /* main.cpp in Sources */ = {isa = PBXBuildFile; fileRef = 8C464EF722219DDB00CCDC6E /* main.cpp */; };
		8C464F16222285B400CCDC6E /* main.cpp in Sources */ = {isa = PBXBuildFile; fileRef = 8C464F15222285B400CCDC6E /* main.cpp */; };
		8C464F2122228AC900CCDC6E /* main.cpp in Sources */ = {isa = PBXBuildFile; fileRef = 8C464F2022228AC900CCDC6E /* main.cpp */; };
		8C464F2C22229B6500CCDC6E /* main.cpp in Sources */ = {isa = PBXBuildFile; fileRef = 8C464F2B22229B6500CCDC6E /* main.cpp */; };
		8C464F3722229E2200CCDC6E /* main.cpp in Sources */ = {isa = PBXBuildFile; fileRef = 8C464F3622229E2200CCDC6E /* main.cpp */; };
		8C464F422222A00C00CCDC6E /* main.cpp in Sources */ = {isa = PBXBuildFile; fileRef = 8C464F412222A00C00CCDC6E /* main.cpp */; };
		8C464F4D2222AD5400CCDC6E /* main.cpp in Sources */ = {isa = PBXBuildFile; fileRef = 8C464F4C2222AD5400CCDC6E /* main.cpp */; };
		8C464F582222B27700CCDC6E /* main.cpp in Sources */ = {isa = PBXBuildFile; fileRef = 8C464F572222B27700CCDC6E /* main.cpp */; };
		8C464F632222F13500CCDC6E /* main.cpp in Sources */ = {isa = PBXBuildFile; fileRef = 8C464F622222F13500CCDC6E /* main.cpp */; };
		8C464F6E2223729000CCDC6E /* main.cpp in Sources */ = {isa = PBXBuildFile; fileRef = 8C464F6D2223729000CCDC6E /* main.cpp */; };
		8C464F7922237A2300CCDC6E /* main.cpp in Sources */ = {isa = PBXBuildFile; fileRef = 8C464F7822237A2300CCDC6E /* main.cpp */; };
		8CC06431221E62EA0031B9BB /* main.cpp in Sources */ = {isa = PBXBuildFile; fileRef = 8CC06430221E62EA0031B9BB /* main.cpp */; };
		8CC0643E221E64CD0031B9BB /* main.cpp in Sources */ = {isa = PBXBuildFile; fileRef = 8CC0643D221E64CD0031B9BB /* main.cpp */; };
		8CC06454221EC4E40031B9BB /* main.cpp in Sources */ = {isa = PBXBuildFile; fileRef = 8CC06453221EC4E40031B9BB /* main.cpp */; };
		8CC0645F221ED8930031B9BB /* main.cpp in Sources */ = {isa = PBXBuildFile; fileRef = 8CC0645E221ED8930031B9BB /* main.cpp */; };
		8CC0646A221EDB490031B9BB /* main.cpp in Sources */ = {isa = PBXBuildFile; fileRef = 8CC06469221EDB490031B9BB /* main.cpp */; };
		8CC06475221EE7030031B9BB /* main.cpp in Sources */ = {isa = PBXBuildFile; fileRef = 8CC06474221EE7030031B9BB /* main.cpp */; };
		8CC06480222067690031B9BB /* main.cpp in Sources */ = {isa = PBXBuildFile; fileRef = 8CC0647F222067690031B9BB /* main.cpp */; };
		8CC0648B2220708B0031B9BB /* main.cpp in Sources */ = {isa = PBXBuildFile; fileRef = 8CC0648A2220708B0031B9BB /* main.cpp */; };
		8CC269EE2223AACE001EF864 /* main.cpp in Sources */ = {isa = PBXBuildFile; fileRef = 8CC269ED2223AACE001EF864 /* main.cpp */; };
		8CC269F92223B26E001EF864 /* main.cpp in Sources */ = {isa = PBXBuildFile; fileRef = 8CC269F82223B26E001EF864 /* main.cpp */; };
		8CC26A532225624D001EF864 /* main.cpp in Sources */ = {isa = PBXBuildFile; fileRef = 8CC26A522225624D001EF864 /* main.cpp */; };
		8CC26A5E222569CF001EF864 /* main.cpp in Sources */ = {isa = PBXBuildFile; fileRef = 8CC26A5D222569CF001EF864 /* main.cpp */; };
		8CC26A69222571AF001EF864 /* main.cpp in Sources */ = {isa = PBXBuildFile; fileRef = 8CC26A68222571AF001EF864 /* main.cpp */; };
/* End PBXBuildFile section */

/* Begin PBXCopyFilesBuildPhase section */
		8C464EDD2221270300CCDC6E /* CopyFiles */ = {
			isa = PBXCopyFilesBuildPhase;
			buildActionMask = 2147483647;
			dstPath = /usr/share/man/man1/;
			dstSubfolderSpec = 0;
			files = (
			);
			runOnlyForDeploymentPostprocessing = 1;
		};
		8C464EE82221306D00CCDC6E /* CopyFiles */ = {
			isa = PBXCopyFilesBuildPhase;
			buildActionMask = 2147483647;
			dstPath = /usr/share/man/man1/;
			dstSubfolderSpec = 0;
			files = (
			);
			runOnlyForDeploymentPostprocessing = 1;
		};
		8C464EF322219DDB00CCDC6E /* CopyFiles */ = {
			isa = PBXCopyFilesBuildPhase;
			buildActionMask = 2147483647;
			dstPath = /usr/share/man/man1/;
			dstSubfolderSpec = 0;
			files = (
			);
			runOnlyForDeploymentPostprocessing = 1;
		};
		8C464F11222285B400CCDC6E /* CopyFiles */ = {
			isa = PBXCopyFilesBuildPhase;
			buildActionMask = 2147483647;
			dstPath = /usr/share/man/man1/;
			dstSubfolderSpec = 0;
			files = (
			);
			runOnlyForDeploymentPostprocessing = 1;
		};
		8C464F1C22228AC900CCDC6E /* CopyFiles */ = {
			isa = PBXCopyFilesBuildPhase;
			buildActionMask = 2147483647;
			dstPath = /usr/share/man/man1/;
			dstSubfolderSpec = 0;
			files = (
			);
			runOnlyForDeploymentPostprocessing = 1;
		};
		8C464F2722229B6500CCDC6E /* CopyFiles */ = {
			isa = PBXCopyFilesBuildPhase;
			buildActionMask = 2147483647;
			dstPath = /usr/share/man/man1/;
			dstSubfolderSpec = 0;
			files = (
			);
			runOnlyForDeploymentPostprocessing = 1;
		};
		8C464F3222229E2200CCDC6E /* CopyFiles */ = {
			isa = PBXCopyFilesBuildPhase;
			buildActionMask = 2147483647;
			dstPath = /usr/share/man/man1/;
			dstSubfolderSpec = 0;
			files = (
			);
			runOnlyForDeploymentPostprocessing = 1;
		};
		8C464F3D2222A00C00CCDC6E /* CopyFiles */ = {
			isa = PBXCopyFilesBuildPhase;
			buildActionMask = 2147483647;
			dstPath = /usr/share/man/man1/;
			dstSubfolderSpec = 0;
			files = (
			);
			runOnlyForDeploymentPostprocessing = 1;
		};
		8C464F482222AD5400CCDC6E /* CopyFiles */ = {
			isa = PBXCopyFilesBuildPhase;
			buildActionMask = 2147483647;
			dstPath = /usr/share/man/man1/;
			dstSubfolderSpec = 0;
			files = (
			);
			runOnlyForDeploymentPostprocessing = 1;
		};
		8C464F532222B27700CCDC6E /* CopyFiles */ = {
			isa = PBXCopyFilesBuildPhase;
			buildActionMask = 2147483647;
			dstPath = /usr/share/man/man1/;
			dstSubfolderSpec = 0;
			files = (
			);
			runOnlyForDeploymentPostprocessing = 1;
		};
		8C464F5E2222F13500CCDC6E /* CopyFiles */ = {
			isa = PBXCopyFilesBuildPhase;
			buildActionMask = 2147483647;
			dstPath = /usr/share/man/man1/;
			dstSubfolderSpec = 0;
			files = (
			);
			runOnlyForDeploymentPostprocessing = 1;
		};
		8C464F692223729000CCDC6E /* CopyFiles */ = {
			isa = PBXCopyFilesBuildPhase;
			buildActionMask = 2147483647;
			dstPath = /usr/share/man/man1/;
			dstSubfolderSpec = 0;
			files = (
			);
			runOnlyForDeploymentPostprocessing = 1;
		};
		8C464F7422237A2300CCDC6E /* CopyFiles */ = {
			isa = PBXCopyFilesBuildPhase;
			buildActionMask = 2147483647;
			dstPath = /usr/share/man/man1/;
			dstSubfolderSpec = 0;
			files = (
			);
			runOnlyForDeploymentPostprocessing = 1;
		};
		8CC0642B221E62EA0031B9BB /* CopyFiles */ = {
			isa = PBXCopyFilesBuildPhase;
			buildActionMask = 2147483647;
			dstPath = /usr/share/man/man1/;
			dstSubfolderSpec = 0;
			files = (
			);
			runOnlyForDeploymentPostprocessing = 1;
		};
		8CC06439221E64CD0031B9BB /* CopyFiles */ = {
			isa = PBXCopyFilesBuildPhase;
			buildActionMask = 2147483647;
			dstPath = /usr/share/man/man1/;
			dstSubfolderSpec = 0;
			files = (
			);
			runOnlyForDeploymentPostprocessing = 1;
		};
		8CC0644F221EC4E40031B9BB /* CopyFiles */ = {
			isa = PBXCopyFilesBuildPhase;
			buildActionMask = 2147483647;
			dstPath = /usr/share/man/man1/;
			dstSubfolderSpec = 0;
			files = (
			);
			runOnlyForDeploymentPostprocessing = 1;
		};
		8CC0645A221ED8930031B9BB /* CopyFiles */ = {
			isa = PBXCopyFilesBuildPhase;
			buildActionMask = 2147483647;
			dstPath = /usr/share/man/man1/;
			dstSubfolderSpec = 0;
			files = (
			);
			runOnlyForDeploymentPostprocessing = 1;
		};
		8CC06465221EDB490031B9BB /* CopyFiles */ = {
			isa = PBXCopyFilesBuildPhase;
			buildActionMask = 2147483647;
			dstPath = /usr/share/man/man1/;
			dstSubfolderSpec = 0;
			files = (
			);
			runOnlyForDeploymentPostprocessing = 1;
		};
		8CC06470221EE7030031B9BB /* CopyFiles */ = {
			isa = PBXCopyFilesBuildPhase;
			buildActionMask = 2147483647;
			dstPath = /usr/share/man/man1/;
			dstSubfolderSpec = 0;
			files = (
			);
			runOnlyForDeploymentPostprocessing = 1;
		};
		8CC0647B222067690031B9BB /* CopyFiles */ = {
			isa = PBXCopyFilesBuildPhase;
			buildActionMask = 2147483647;
			dstPath = /usr/share/man/man1/;
			dstSubfolderSpec = 0;
			files = (
			);
			runOnlyForDeploymentPostprocessing = 1;
		};
		8CC064862220708B0031B9BB /* CopyFiles */ = {
			isa = PBXCopyFilesBuildPhase;
			buildActionMask = 2147483647;
			dstPath = /usr/share/man/man1/;
			dstSubfolderSpec = 0;
			files = (
			);
			runOnlyForDeploymentPostprocessing = 1;
		};
		8CC269E92223AACE001EF864 /* CopyFiles */ = {
			isa = PBXCopyFilesBuildPhase;
			buildActionMask = 2147483647;
			dstPath = /usr/share/man/man1/;
			dstSubfolderSpec = 0;
			files = (
			);
			runOnlyForDeploymentPostprocessing = 1;
		};
		8CC269F42223B26D001EF864 /* CopyFiles */ = {
			isa = PBXCopyFilesBuildPhase;
			buildActionMask = 2147483647;
			dstPath = /usr/share/man/man1/;
			dstSubfolderSpec = 0;
			files = (
			);
			runOnlyForDeploymentPostprocessing = 1;
		};
		8CC26A4E2225624D001EF864 /* CopyFiles */ = {
			isa = PBXCopyFilesBuildPhase;
			buildActionMask = 2147483647;
			dstPath = /usr/share/man/man1/;
			dstSubfolderSpec = 0;
			files = (
			);
			runOnlyForDeploymentPostprocessing = 1;
		};
		8CC26A59222569CF001EF864 /* CopyFiles */ = {
			isa = PBXCopyFilesBuildPhase;
			buildActionMask = 2147483647;
			dstPath = /usr/share/man/man1/;
			dstSubfolderSpec = 0;
			files = (
			);
			runOnlyForDeploymentPostprocessing = 1;
		};
		8CC26A64222571AF001EF864 /* CopyFiles */ = {
			isa = PBXCopyFilesBuildPhase;
			buildActionMask = 2147483647;
			dstPath = /usr/share/man/man1/;
			dstSubfolderSpec = 0;
			files = (
			);
			runOnlyForDeploymentPostprocessing = 1;
		};
/* End PBXCopyFilesBuildPhase section */

/* Begin PBXFileReference section */
		8C464EDF2221270300CCDC6E /* 1206. 下一个更大的数 I */ = {isa = PBXFileReference; explicitFileType = "compiled.mach-o.executable"; includeInIndex = 0; path = "1206. 下一个更大的数 I"; sourceTree = BUILT_PRODUCTS_DIR; };
		8C464EE12221270300CCDC6E /* main.cpp */ = {isa = PBXFileReference; lastKnownFileType = sourcecode.cpp.cpp; path = main.cpp; sourceTree = "<group>"; };
		8C464EEA2221306D00CCDC6E /* 1174. 下一个更大的元素 III */ = {isa = PBXFileReference; explicitFileType = "compiled.mach-o.executable"; includeInIndex = 0; path = "1174. 下一个更大的元素 III"; sourceTree = BUILT_PRODUCTS_DIR; };
		8C464EEC2221306D00CCDC6E /* main.cpp */ = {isa = PBXFileReference; lastKnownFileType = sourcecode.cpp.cpp; path = main.cpp; sourceTree = "<group>"; };
		8C464EF522219DDB00CCDC6E /* 5. 第k大元素 */ = {isa = PBXFileReference; explicitFileType = "compiled.mach-o.executable"; includeInIndex = 0; path = "5. 第k大元素"; sourceTree = BUILT_PRODUCTS_DIR; };
		8C464EF722219DDB00CCDC6E /* main.cpp */ = {isa = PBXFileReference; lastKnownFileType = sourcecode.cpp.cpp; path = main.cpp; sourceTree = "<group>"; };
		8C464F13222285B400CCDC6E /* 12. 带最小值操作的栈 */ = {isa = PBXFileReference; explicitFileType = "compiled.mach-o.executable"; includeInIndex = 0; path = "12. 带最小值操作的栈"; sourceTree = BUILT_PRODUCTS_DIR; };
		8C464F15222285B400CCDC6E /* main.cpp */ = {isa = PBXFileReference; lastKnownFileType = sourcecode.cpp.cpp; path = main.cpp; sourceTree = "<group>"; };
		8C464F1E22228AC900CCDC6E /* 30. 插入区间 */ = {isa = PBXFileReference; explicitFileType = "compiled.mach-o.executable"; includeInIndex = 0; path = "30. 插入区间"; sourceTree = BUILT_PRODUCTS_DIR; };
		8C464F2022228AC900CCDC6E /* main.cpp */ = {isa = PBXFileReference; lastKnownFileType = sourcecode.cpp.cpp; path = main.cpp; sourceTree = "<group>"; };
		8C464F2922229B6500CCDC6E /* 28. Search a 2D Matrix */ = {isa = PBXFileReference; explicitFileType = "compiled.mach-o.executable"; includeInIndex = 0; path = "28. Search a 2D Matrix"; sourceTree = BUILT_PRODUCTS_DIR; };
		8C464F2B22229B6500CCDC6E /* main.cpp */ = {isa = PBXFileReference; lastKnownFileType = sourcecode.cpp.cpp; path = main.cpp; sourceTree = "<group>"; };
		8C464F3422229E2200CCDC6E /* 38. 搜索二维矩阵 II */ = {isa = PBXFileReference; explicitFileType = "compiled.mach-o.executable"; includeInIndex = 0; path = "38. 搜索二维矩阵 II"; sourceTree = BUILT_PRODUCTS_DIR; };
		8C464F3622229E2200CCDC6E /* main.cpp */ = {isa = PBXFileReference; lastKnownFileType = sourcecode.cpp.cpp; path = main.cpp; sourceTree = "<group>"; };
		8C464F3F2222A00C00CCDC6E /* 52. 下一个排列 */ = {isa = PBXFileReference; explicitFileType = "compiled.mach-o.executable"; includeInIndex = 0; path = "52. 下一个排列"; sourceTree = BUILT_PRODUCTS_DIR; };
		8C464F412222A00C00CCDC6E /* main.cpp */ = {isa = PBXFileReference; lastKnownFileType = sourcecode.cpp.cpp; path = main.cpp; sourceTree = "<group>"; };
		8C464F4A2222AD5400CCDC6E /* 75. 寻找峰值 */ = {isa = PBXFileReference; explicitFileType = "compiled.mach-o.executable"; includeInIndex = 0; path = "75. 寻找峰值"; sourceTree = BUILT_PRODUCTS_DIR; };
		8C464F4C2222AD5400CCDC6E /* main.cpp */ = {isa = PBXFileReference; lastKnownFileType = sourcecode.cpp.cpp; path = main.cpp; sourceTree = "<group>"; };
		8C464F552222B27700CCDC6E /* 104. 合并k个排序链表 */ = {isa = PBXFileReference; explicitFileType = "compiled.mach-o.executable"; includeInIndex = 0; path = "104. 合并k个排序链表"; sourceTree = BUILT_PRODUCTS_DIR; };
		8C464F572222B27700CCDC6E /* main.cpp */ = {isa = PBXFileReference; lastKnownFileType = sourcecode.cpp.cpp; path = main.cpp; sourceTree = "<group>"; };
		8C464F602222F13500CCDC6E /* 107. 单词拆分 I */ = {isa = PBXFileReference; explicitFileType = "compiled.mach-o.executable"; includeInIndex = 0; path = "107. 单词拆分 I"; sourceTree = BUILT_PRODUCTS_DIR; };
		8C464F622222F13500CCDC6E /* main.cpp */ = {isa = PBXFileReference; lastKnownFileType = sourcecode.cpp.cpp; path = main.cpp; sourceTree = "<group>"; };
		8C464F6B2223729000CCDC6E /* 109. 数字三角形 */ = {isa = PBXFileReference; explicitFileType = "compiled.mach-o.executable"; includeInIndex = 0; path = "109. 数字三角形"; sourceTree = BUILT_PRODUCTS_DIR; };
		8C464F6D2223729000CCDC6E /* main.cpp */ = {isa = PBXFileReference; lastKnownFileType = sourcecode.cpp.cpp; path = main.cpp; sourceTree = "<group>"; };
		8C464F7622237A2300CCDC6E /* 124. 最长连续序列 */ = {isa = PBXFileReference; explicitFileType = "compiled.mach-o.executable"; includeInIndex = 0; path = "124. 最长连续序列"; sourceTree = BUILT_PRODUCTS_DIR; };
		8C464F7822237A2300CCDC6E /* main.cpp */ = {isa = PBXFileReference; lastKnownFileType = sourcecode.cpp.cpp; path = main.cpp; sourceTree = "<group>"; };
		8CC0642D221E62EA0031B9BB /* LintCode-Google */ = {isa = PBXFileReference; explicitFileType = "compiled.mach-o.executable"; includeInIndex = 0; path = "LintCode-Google"; sourceTree = BUILT_PRODUCTS_DIR; };
		8CC06430221E62EA0031B9BB /* main.cpp */ = {isa = PBXFileReference; lastKnownFileType = sourcecode.cpp.cpp; path = main.cpp; sourceTree = "<group>"; };
		8CC0643B221E64CD0031B9BB /* 1289. 原子的数量 */ = {isa = PBXFileReference; explicitFileType = "compiled.mach-o.executable"; includeInIndex = 0; path = "1289. 原子的数量"; sourceTree = BUILT_PRODUCTS_DIR; };
		8CC0643D221E64CD0031B9BB /* main.cpp */ = {isa = PBXFileReference; lastKnownFileType = sourcecode.cpp.cpp; path = main.cpp; sourceTree = "<group>"; };
		8CC06451221EC4E40031B9BB /* 657. Insert Delete GetRandom O(1) */ = {isa = PBXFileReference; explicitFileType = "compiled.mach-o.executable"; includeInIndex = 0; path = "657. Insert Delete GetRandom O(1)"; sourceTree = BUILT_PRODUCTS_DIR; };
		8CC06453221EC4E40031B9BB /* main.cpp */ = {isa = PBXFileReference; lastKnownFileType = sourcecode.cpp.cpp; path = main.cpp; sourceTree = "<group>"; };
		8CC0645C221ED8930031B9BB /* 914. 翻转游戏 */ = {isa = PBXFileReference; explicitFileType = "compiled.mach-o.executable"; includeInIndex = 0; path = "914. 翻转游戏"; sourceTree = BUILT_PRODUCTS_DIR; };
		8CC0645E221ED8930031B9BB /* main.cpp */ = {isa = PBXFileReference; lastKnownFileType = sourcecode.cpp.cpp; path = main.cpp; sourceTree = "<group>"; };
		8CC06467221EDB490031B9BB /* 913. 翻转游戏II */ = {isa = PBXFileReference; explicitFileType = "compiled.mach-o.executable"; includeInIndex = 0; path = "913. 翻转游戏II"; sourceTree = BUILT_PRODUCTS_DIR; };
		8CC06469221EDB490031B9BB /* main.cpp */ = {isa = PBXFileReference; lastKnownFileType = sourcecode.cpp.cpp; path = main.cpp; sourceTree = "<group>"; };
		8CC06472221EE7030031B9BB /* 564. 组合总和 IV */ = {isa = PBXFileReference; explicitFileType = "compiled.mach-o.executable"; includeInIndex = 0; path = "564. 组合总和 IV"; sourceTree = BUILT_PRODUCTS_DIR; };
		8CC06474221EE7030031B9BB /* main.cpp */ = {isa = PBXFileReference; lastKnownFileType = sourcecode.cpp.cpp; path = main.cpp; sourceTree = "<group>"; };
		8CC0647D222067690031B9BB /* 1623. 数组中的最小距离 */ = {isa = PBXFileReference; explicitFileType = "compiled.mach-o.executable"; includeInIndex = 0; path = "1623. 数组中的最小距离"; sourceTree = BUILT_PRODUCTS_DIR; };
		8CC0647F222067690031B9BB /* main.cpp */ = {isa = PBXFileReference; lastKnownFileType = sourcecode.cpp.cpp; path = main.cpp; sourceTree = "<group>"; };
		8CC064882220708B0031B9BB /* 1201. 下一个更大的数 II */ = {isa = PBXFileReference; explicitFileType = "compiled.mach-o.executable"; includeInIndex = 0; path = "1201. 下一个更大的数 II"; sourceTree = BUILT_PRODUCTS_DIR; };
		8CC0648A2220708B0031B9BB /* main.cpp */ = {isa = PBXFileReference; lastKnownFileType = sourcecode.cpp.cpp; path = main.cpp; sourceTree = "<group>"; };
		8CC269EB2223AACE001EF864 /* 137. 克隆图 */ = {isa = PBXFileReference; explicitFileType = "compiled.mach-o.executable"; includeInIndex = 0; path = "137. 克隆图"; sourceTree = BUILT_PRODUCTS_DIR; };
		8CC269ED2223AACE001EF864 /* main.cpp */ = {isa = PBXFileReference; lastKnownFileType = sourcecode.cpp.cpp; path = main.cpp; sourceTree = "<group>"; };
		8CC269F62223B26D001EF864 /* 178. 图是否是树 */ = {isa = PBXFileReference; explicitFileType = "compiled.mach-o.executable"; includeInIndex = 0; path = "178. 图是否是树"; sourceTree = BUILT_PRODUCTS_DIR; };
		8CC269F82223B26E001EF864 /* main.cpp */ = {isa = PBXFileReference; lastKnownFileType = sourcecode.cpp.cpp; path = main.cpp; sourceTree = "<group>"; };
		8CC26A502225624D001EF864 /* 363. 接雨水 */ = {isa = PBXFileReference; explicitFileType = "compiled.mach-o.executable"; includeInIndex = 0; path = "363. 接雨水"; sourceTree = BUILT_PRODUCTS_DIR; };
		8CC26A522225624D001EF864 /* main.cpp */ = {isa = PBXFileReference; lastKnownFileType = sourcecode.cpp.cpp; path = main.cpp; sourceTree = "<group>"; };
		8CC26A5B222569CF001EF864 /* 374. 螺旋矩阵 */ = {isa = PBXFileReference; explicitFileType = "compiled.mach-o.executable"; includeInIndex = 0; path = "374. 螺旋矩阵"; sourceTree = BUILT_PRODUCTS_DIR; };
		8CC26A5D222569CF001EF864 /* main.cpp */ = {isa = PBXFileReference; lastKnownFileType = sourcecode.cpp.cpp; path = main.cpp; sourceTree = "<group>"; };
		8CC26A66222571AF001EF864 /* 386. 最多有k个不同字符的最长子字符串 */ = {isa = PBXFileReference; explicitFileType = "compiled.mach-o.executable"; includeInIndex = 0; path = "386. 最多有k个不同字符的最长子字符串"; sourceTree = BUILT_PRODUCTS_DIR; };
		8CC26A68222571AF001EF864 /* main.cpp */ = {isa = PBXFileReference; lastKnownFileType = sourcecode.cpp.cpp; path = main.cpp; sourceTree = "<group>"; };
/* End PBXFileReference section */

/* Begin PBXFrameworksBuildPhase section */
		8C464EDC2221270300CCDC6E /* Frameworks */ = {
			isa = PBXFrameworksBuildPhase;
			buildActionMask = 2147483647;
			files = (
			);
			runOnlyForDeploymentPostprocessing = 0;
		};
		8C464EE72221306D00CCDC6E /* Frameworks */ = {
			isa = PBXFrameworksBuildPhase;
			buildActionMask = 2147483647;
			files = (
			);
			runOnlyForDeploymentPostprocessing = 0;
		};
		8C464EF222219DDB00CCDC6E /* Frameworks */ = {
			isa = PBXFrameworksBuildPhase;
			buildActionMask = 2147483647;
			files = (
			);
			runOnlyForDeploymentPostprocessing = 0;
		};
		8C464F10222285B400CCDC6E /* Frameworks */ = {
			isa = PBXFrameworksBuildPhase;
			buildActionMask = 2147483647;
			files = (
			);
			runOnlyForDeploymentPostprocessing = 0;
		};
		8C464F1B22228AC900CCDC6E /* Frameworks */ = {
			isa = PBXFrameworksBuildPhase;
			buildActionMask = 2147483647;
			files = (
			);
			runOnlyForDeploymentPostprocessing = 0;
		};
		8C464F2622229B6500CCDC6E /* Frameworks */ = {
			isa = PBXFrameworksBuildPhase;
			buildActionMask = 2147483647;
			files = (
			);
			runOnlyForDeploymentPostprocessing = 0;
		};
		8C464F3122229E2200CCDC6E /* Frameworks */ = {
			isa = PBXFrameworksBuildPhase;
			buildActionMask = 2147483647;
			files = (
			);
			runOnlyForDeploymentPostprocessing = 0;
		};
		8C464F3C2222A00C00CCDC6E /* Frameworks */ = {
			isa = PBXFrameworksBuildPhase;
			buildActionMask = 2147483647;
			files = (
			);
			runOnlyForDeploymentPostprocessing = 0;
		};
		8C464F472222AD5400CCDC6E /* Frameworks */ = {
			isa = PBXFrameworksBuildPhase;
			buildActionMask = 2147483647;
			files = (
			);
			runOnlyForDeploymentPostprocessing = 0;
		};
		8C464F522222B27700CCDC6E /* Frameworks */ = {
			isa = PBXFrameworksBuildPhase;
			buildActionMask = 2147483647;
			files = (
			);
			runOnlyForDeploymentPostprocessing = 0;
		};
		8C464F5D2222F13500CCDC6E /* Frameworks */ = {
			isa = PBXFrameworksBuildPhase;
			buildActionMask = 2147483647;
			files = (
			);
			runOnlyForDeploymentPostprocessing = 0;
		};
		8C464F682223729000CCDC6E /* Frameworks */ = {
			isa = PBXFrameworksBuildPhase;
			buildActionMask = 2147483647;
			files = (
			);
			runOnlyForDeploymentPostprocessing = 0;
		};
		8C464F7322237A2300CCDC6E /* Frameworks */ = {
			isa = PBXFrameworksBuildPhase;
			buildActionMask = 2147483647;
			files = (
			);
			runOnlyForDeploymentPostprocessing = 0;
		};
		8CC0642A221E62EA0031B9BB /* Frameworks */ = {
			isa = PBXFrameworksBuildPhase;
			buildActionMask = 2147483647;
			files = (
			);
			runOnlyForDeploymentPostprocessing = 0;
		};
		8CC06438221E64CD0031B9BB /* Frameworks */ = {
			isa = PBXFrameworksBuildPhase;
			buildActionMask = 2147483647;
			files = (
			);
			runOnlyForDeploymentPostprocessing = 0;
		};
		8CC0644E221EC4E40031B9BB /* Frameworks */ = {
			isa = PBXFrameworksBuildPhase;
			buildActionMask = 2147483647;
			files = (
			);
			runOnlyForDeploymentPostprocessing = 0;
		};
		8CC06459221ED8930031B9BB /* Frameworks */ = {
			isa = PBXFrameworksBuildPhase;
			buildActionMask = 2147483647;
			files = (
			);
			runOnlyForDeploymentPostprocessing = 0;
		};
		8CC06464221EDB490031B9BB /* Frameworks */ = {
			isa = PBXFrameworksBuildPhase;
			buildActionMask = 2147483647;
			files = (
			);
			runOnlyForDeploymentPostprocessing = 0;
		};
		8CC0646F221EE7030031B9BB /* Frameworks */ = {
			isa = PBXFrameworksBuildPhase;
			buildActionMask = 2147483647;
			files = (
			);
			runOnlyForDeploymentPostprocessing = 0;
		};
		8CC0647A222067690031B9BB /* Frameworks */ = {
			isa = PBXFrameworksBuildPhase;
			buildActionMask = 2147483647;
			files = (
			);
			runOnlyForDeploymentPostprocessing = 0;
		};
		8CC064852220708B0031B9BB /* Frameworks */ = {
			isa = PBXFrameworksBuildPhase;
			buildActionMask = 2147483647;
			files = (
			);
			runOnlyForDeploymentPostprocessing = 0;
		};
		8CC269E82223AACE001EF864 /* Frameworks */ = {
			isa = PBXFrameworksBuildPhase;
			buildActionMask = 2147483647;
			files = (
			);
			runOnlyForDeploymentPostprocessing = 0;
		};
		8CC269F32223B26D001EF864 /* Frameworks */ = {
			isa = PBXFrameworksBuildPhase;
			buildActionMask = 2147483647;
			files = (
			);
			runOnlyForDeploymentPostprocessing = 0;
		};
		8CC26A4D2225624D001EF864 /* Frameworks */ = {
			isa = PBXFrameworksBuildPhase;
			buildActionMask = 2147483647;
			files = (
			);
			runOnlyForDeploymentPostprocessing = 0;
		};
		8CC26A58222569CF001EF864 /* Frameworks */ = {
			isa = PBXFrameworksBuildPhase;
			buildActionMask = 2147483647;
			files = (
			);
			runOnlyForDeploymentPostprocessing = 0;
		};
		8CC26A63222571AF001EF864 /* Frameworks */ = {
			isa = PBXFrameworksBuildPhase;
			buildActionMask = 2147483647;
			files = (
			);
			runOnlyForDeploymentPostprocessing = 0;
		};
/* End PBXFrameworksBuildPhase section */

/* Begin PBXGroup section */
		8C464EE02221270300CCDC6E /* 1206. 下一个更大的数 I */ = {
			isa = PBXGroup;
			children = (
				8C464EE12221270300CCDC6E /* main.cpp */,
			);
			path = "1206. 下一个更大的数 I";
			sourceTree = "<group>";
		};
		8C464EEB2221306D00CCDC6E /* 1174. 下一个更大的元素 III✌️ */ = {
			isa = PBXGroup;
			children = (
				8C464EEC2221306D00CCDC6E /* main.cpp */,
			);
			path = "1174. 下一个更大的元素 III✌️";
			sourceTree = "<group>";
		};
		8C464EF622219DDB00CCDC6E /* 5. 第k大元素✌️ */ = {
			isa = PBXGroup;
			children = (
				8C464EF722219DDB00CCDC6E /* main.cpp */,
			);
			path = "5. 第k大元素✌️";
			sourceTree = "<group>";
		};
		8C464F14222285B400CCDC6E /* 12. 带最小值操作的栈✌️ */ = {
			isa = PBXGroup;
			children = (
				8C464F15222285B400CCDC6E /* main.cpp */,
			);
			path = "12. 带最小值操作的栈✌️";
			sourceTree = "<group>";
		};
		8C464F1F22228AC900CCDC6E /* 30. 插入区间✌️ */ = {
			isa = PBXGroup;
			children = (
				8C464F2022228AC900CCDC6E /* main.cpp */,
			);
			path = "30. 插入区间✌️";
			sourceTree = "<group>";
		};
		8C464F2A22229B6500CCDC6E /* 28. Search a 2D Matrix✌️ */ = {
			isa = PBXGroup;
			children = (
				8C464F2B22229B6500CCDC6E /* main.cpp */,
			);
			path = "28. Search a 2D Matrix✌️";
			sourceTree = "<group>";
		};
		8C464F3522229E2200CCDC6E /* 38. 搜索二维矩阵 II✌️ */ = {
			isa = PBXGroup;
			children = (
				8C464F3622229E2200CCDC6E /* main.cpp */,
			);
			path = "38. 搜索二维矩阵 II✌️";
			sourceTree = "<group>";
		};
		8C464F402222A00C00CCDC6E /* 52. 下一个排列✌️ */ = {
			isa = PBXGroup;
			children = (
				8C464F412222A00C00CCDC6E /* main.cpp */,
			);
			path = "52. 下一个排列✌️";
			sourceTree = "<group>";
		};
		8C464F4B2222AD5400CCDC6E /* 75. 寻找峰值 */ = {
			isa = PBXGroup;
			children = (
				8C464F4C2222AD5400CCDC6E /* main.cpp */,
			);
			path = "75. 寻找峰值";
			sourceTree = "<group>";
		};
		8C464F562222B27700CCDC6E /* 104. 合并k个排序链表 */ = {
			isa = PBXGroup;
			children = (
				8C464F572222B27700CCDC6E /* main.cpp */,
			);
			path = "104. 合并k个排序链表";
			sourceTree = "<group>";
		};
		8C464F612222F13500CCDC6E /* 107. 单词拆分 I */ = {
			isa = PBXGroup;
			children = (
				8C464F622222F13500CCDC6E /* main.cpp */,
			);
			path = "107. 单词拆分 I";
			sourceTree = "<group>";
		};
		8C464F6C2223729000CCDC6E /* 109. 数字三角形✌️ */ = {
			isa = PBXGroup;
			children = (
				8C464F6D2223729000CCDC6E /* main.cpp */,
			);
			path = "109. 数字三角形✌️";
			sourceTree = "<group>";
		};
		8C464F7722237A2300CCDC6E /* 124. 最长连续序列 */ = {
			isa = PBXGroup;
			children = (
				8C464F7822237A2300CCDC6E /* main.cpp */,
			);
			path = "124. 最长连续序列";
			sourceTree = "<group>";
		};
		8CC06424221E62EA0031B9BB = {
			isa = PBXGroup;
			children = (
				8CC0642F221E62EA0031B9BB /* LintCode-Google */,
				8CC0643C221E64CD0031B9BB /* 1289. 原子的数量 */,
				8CC06452221EC4E40031B9BB /* 657. Insert Delete GetRandom O(1) */,
				8CC0645D221ED8930031B9BB /* 914. 翻转游戏✌️ */,
				8CC06468221EDB490031B9BB /* 913. 翻转游戏II */,
				8CC06473221EE7030031B9BB /* 564. 组合总和 IV */,
				8CC0647E222067690031B9BB /* 1623. 数组中的最小距离 */,
				8CC064892220708B0031B9BB /* 1201. 下一个更大的数 II */,
				8C464EE02221270300CCDC6E /* 1206. 下一个更大的数 I */,
				8C464EEB2221306D00CCDC6E /* 1174. 下一个更大的元素 III✌️ */,
				8C464EF622219DDB00CCDC6E /* 5. 第k大元素✌️ */,
				8C464F14222285B400CCDC6E /* 12. 带最小值操作的栈✌️ */,
				8C464F1F22228AC900CCDC6E /* 30. 插入区间✌️ */,
				8C464F2A22229B6500CCDC6E /* 28. Search a 2D Matrix✌️ */,
				8C464F3522229E2200CCDC6E /* 38. 搜索二维矩阵 II✌️ */,
				8C464F402222A00C00CCDC6E /* 52. 下一个排列✌️ */,
				8C464F4B2222AD5400CCDC6E /* 75. 寻找峰值 */,
				8C464F562222B27700CCDC6E /* 104. 合并k个排序链表 */,
				8C464F612222F13500CCDC6E /* 107. 单词拆分 I */,
				8C464F6C2223729000CCDC6E /* 109. 数字三角形✌️ */,
				8C464F7722237A2300CCDC6E /* 124. 最长连续序列 */,
				8CC269EC2223AACE001EF864 /* 137. 克隆图 */,
				8CC269F72223B26E001EF864 /* 178. 图是否是树 */,
				8CC26A512225624D001EF864 /* 363. 接雨水 */,
				8CC26A5C222569CF001EF864 /* 374. 螺旋矩阵✌️ */,
				8CC26A67222571AF001EF864 /* 386. 最多有k个不同字符的最长子字符串 */,
				8CC0642E221E62EA0031B9BB /* Products */,
			);
			sourceTree = "<group>";
		};
		8CC0642E221E62EA0031B9BB /* Products */ = {
			isa = PBXGroup;
			children = (
				8CC0642D221E62EA0031B9BB /* LintCode-Google */,
				8CC0643B221E64CD0031B9BB /* 1289. 原子的数量 */,
				8CC06451221EC4E40031B9BB /* 657. Insert Delete GetRandom O(1) */,
				8CC0645C221ED8930031B9BB /* 914. 翻转游戏 */,
				8CC06467221EDB490031B9BB /* 913. 翻转游戏II */,
				8CC06472221EE7030031B9BB /* 564. 组合总和 IV */,
				8CC0647D222067690031B9BB /* 1623. 数组中的最小距离 */,
				8CC064882220708B0031B9BB /* 1201. 下一个更大的数 II */,
				8C464EDF2221270300CCDC6E /* 1206. 下一个更大的数 I */,
				8C464EEA2221306D00CCDC6E /* 1174. 下一个更大的元素 III */,
				8C464EF522219DDB00CCDC6E /* 5. 第k大元素 */,
				8C464F13222285B400CCDC6E /* 12. 带最小值操作的栈 */,
				8C464F1E22228AC900CCDC6E /* 30. 插入区间 */,
				8C464F2922229B6500CCDC6E /* 28. Search a 2D Matrix */,
				8C464F3422229E2200CCDC6E /* 38. 搜索二维矩阵 II */,
				8C464F3F2222A00C00CCDC6E /* 52. 下一个排列 */,
				8C464F4A2222AD5400CCDC6E /* 75. 寻找峰值 */,
				8C464F552222B27700CCDC6E /* 104. 合并k个排序链表 */,
				8C464F602222F13500CCDC6E /* 107. 单词拆分 I */,
				8C464F6B2223729000CCDC6E /* 109. 数字三角形 */,
				8C464F7622237A2300CCDC6E /* 124. 最长连续序列 */,
				8CC269EB2223AACE001EF864 /* 137. 克隆图 */,
				8CC269F62223B26D001EF864 /* 178. 图是否是树 */,
				8CC26A502225624D001EF864 /* 363. 接雨水 */,
				8CC26A5B222569CF001EF864 /* 374. 螺旋矩阵 */,
				8CC26A66222571AF001EF864 /* 386. 最多有k个不同字符的最长子字符串 */,
			);
			name = Products;
			sourceTree = "<group>";
		};
		8CC0642F221E62EA0031B9BB /* LintCode-Google */ = {
			isa = PBXGroup;
			children = (
				8CC06430221E62EA0031B9BB /* main.cpp */,
			);
			path = "LintCode-Google";
			sourceTree = "<group>";
		};
		8CC0643C221E64CD0031B9BB /* 1289. 原子的数量 */ = {
			isa = PBXGroup;
			children = (
				8CC0643D221E64CD0031B9BB /* main.cpp */,
			);
			path = "1289. 原子的数量";
			sourceTree = "<group>";
		};
		8CC06452221EC4E40031B9BB /* 657. Insert Delete GetRandom O(1) */ = {
			isa = PBXGroup;
			children = (
				8CC06453221EC4E40031B9BB /* main.cpp */,
			);
			path = "657. Insert Delete GetRandom O(1)";
			sourceTree = "<group>";
		};
		8CC0645D221ED8930031B9BB /* 914. 翻转游戏✌️ */ = {
			isa = PBXGroup;
			children = (
				8CC0645E221ED8930031B9BB /* main.cpp */,
			);
			path = "914. 翻转游戏✌️";
			sourceTree = "<group>";
		};
		8CC06468221EDB490031B9BB /* 913. 翻转游戏II */ = {
			isa = PBXGroup;
			children = (
				8CC06469221EDB490031B9BB /* main.cpp */,
			);
			path = "913. 翻转游戏II";
			sourceTree = "<group>";
		};
		8CC06473221EE7030031B9BB /* 564. 组合总和 IV */ = {
			isa = PBXGroup;
			children = (
				8CC06474221EE7030031B9BB /* main.cpp */,
			);
			path = "564. 组合总和 IV";
			sourceTree = "<group>";
		};
		8CC0647E222067690031B9BB /* 1623. 数组中的最小距离 */ = {
			isa = PBXGroup;
			children = (
				8CC0647F222067690031B9BB /* main.cpp */,
			);
			path = "1623. 数组中的最小距离";
			sourceTree = "<group>";
		};
		8CC064892220708B0031B9BB /* 1201. 下一个更大的数 II */ = {
			isa = PBXGroup;
			children = (
				8CC0648A2220708B0031B9BB /* main.cpp */,
			);
			path = "1201. 下一个更大的数 II";
			sourceTree = "<group>";
		};
		8CC269EC2223AACE001EF864 /* 137. 克隆图 */ = {
			isa = PBXGroup;
			children = (
				8CC269ED2223AACE001EF864 /* main.cpp */,
			);
			path = "137. 克隆图";
			sourceTree = "<group>";
		};
		8CC269F72223B26E001EF864 /* 178. 图是否是树 */ = {
			isa = PBXGroup;
			children = (
				8CC269F82223B26E001EF864 /* main.cpp */,
			);
			path = "178. 图是否是树";
			sourceTree = "<group>";
		};
		8CC26A512225624D001EF864 /* 363. 接雨水 */ = {
			isa = PBXGroup;
			children = (
				8CC26A522225624D001EF864 /* main.cpp */,
			);
			path = "363. 接雨水";
			sourceTree = "<group>";
		};
		8CC26A5C222569CF001EF864 /* 374. 螺旋矩阵✌️ */ = {
			isa = PBXGroup;
			children = (
				8CC26A5D222569CF001EF864 /* main.cpp */,
			);
			path = "374. 螺旋矩阵✌️";
			sourceTree = "<group>";
		};
		8CC26A67222571AF001EF864 /* 386. 最多有k个不同字符的最长子字符串 */ = {
			isa = PBXGroup;
			children = (
				8CC26A68222571AF001EF864 /* main.cpp */,
			);
			path = "386. 最多有k个不同字符的最长子字符串";
			sourceTree = "<group>";
		};
/* End PBXGroup section */

/* Begin PBXNativeTarget section */
		8C464EDE2221270300CCDC6E /* 1206. 下一个更大的数 I */ = {
			isa = PBXNativeTarget;
			buildConfigurationList = 8C464EE52221270300CCDC6E /* Build configuration list for PBXNativeTarget "1206. 下一个更大的数 I" */;
			buildPhases = (
				8C464EDB2221270300CCDC6E /* Sources */,
				8C464EDC2221270300CCDC6E /* Frameworks */,
				8C464EDD2221270300CCDC6E /* CopyFiles */,
			);
			buildRules = (
			);
			dependencies = (
			);
			name = "1206. 下一个更大的数 I";
			productName = "1206. 下一个更大的数 I";
			productReference = 8C464EDF2221270300CCDC6E /* 1206. 下一个更大的数 I */;
			productType = "com.apple.product-type.tool";
		};
		8C464EE92221306D00CCDC6E /* 1174. 下一个更大的元素 III */ = {
			isa = PBXNativeTarget;
			buildConfigurationList = 8C464EEE2221306D00CCDC6E /* Build configuration list for PBXNativeTarget "1174. 下一个更大的元素 III" */;
			buildPhases = (
				8C464EE62221306D00CCDC6E /* Sources */,
				8C464EE72221306D00CCDC6E /* Frameworks */,
				8C464EE82221306D00CCDC6E /* CopyFiles */,
			);
			buildRules = (
			);
			dependencies = (
			);
			name = "1174. 下一个更大的元素 III";
			productName = "1174. 下一个更大的元素 III";
			productReference = 8C464EEA2221306D00CCDC6E /* 1174. 下一个更大的元素 III */;
			productType = "com.apple.product-type.tool";
		};
		8C464EF422219DDB00CCDC6E /* 5. 第k大元素 */ = {
			isa = PBXNativeTarget;
			buildConfigurationList = 8C464EF922219DDB00CCDC6E /* Build configuration list for PBXNativeTarget "5. 第k大元素" */;
			buildPhases = (
				8C464EF122219DDB00CCDC6E /* Sources */,
				8C464EF222219DDB00CCDC6E /* Frameworks */,
				8C464EF322219DDB00CCDC6E /* CopyFiles */,
			);
			buildRules = (
			);
			dependencies = (
			);
			name = "5. 第k大元素";
			productName = "5. 第k大元素";
			productReference = 8C464EF522219DDB00CCDC6E /* 5. 第k大元素 */;
			productType = "com.apple.product-type.tool";
		};
		8C464F12222285B400CCDC6E /* 12. 带最小值操作的栈 */ = {
			isa = PBXNativeTarget;
			buildConfigurationList = 8C464F17222285B400CCDC6E /* Build configuration list for PBXNativeTarget "12. 带最小值操作的栈" */;
			buildPhases = (
				8C464F0F222285B400CCDC6E /* Sources */,
				8C464F10222285B400CCDC6E /* Frameworks */,
				8C464F11222285B400CCDC6E /* CopyFiles */,
			);
			buildRules = (
			);
			dependencies = (
			);
			name = "12. 带最小值操作的栈";
			productName = "12. 带最小值操作的栈";
			productReference = 8C464F13222285B400CCDC6E /* 12. 带最小值操作的栈 */;
			productType = "com.apple.product-type.tool";
		};
		8C464F1D22228AC900CCDC6E /* 30. 插入区间 */ = {
			isa = PBXNativeTarget;
			buildConfigurationList = 8C464F2222228AC900CCDC6E /* Build configuration list for PBXNativeTarget "30. 插入区间" */;
			buildPhases = (
				8C464F1A22228AC900CCDC6E /* Sources */,
				8C464F1B22228AC900CCDC6E /* Frameworks */,
				8C464F1C22228AC900CCDC6E /* CopyFiles */,
			);
			buildRules = (
			);
			dependencies = (
			);
			name = "30. 插入区间";
			productName = "30. 插入区间";
			productReference = 8C464F1E22228AC900CCDC6E /* 30. 插入区间 */;
			productType = "com.apple.product-type.tool";
		};
		8C464F2822229B6500CCDC6E /* 28. Search a 2D Matrix */ = {
			isa = PBXNativeTarget;
			buildConfigurationList = 8C464F2D22229B6500CCDC6E /* Build configuration list for PBXNativeTarget "28. Search a 2D Matrix" */;
			buildPhases = (
				8C464F2522229B6500CCDC6E /* Sources */,
				8C464F2622229B6500CCDC6E /* Frameworks */,
				8C464F2722229B6500CCDC6E /* CopyFiles */,
			);
			buildRules = (
			);
			dependencies = (
			);
			name = "28. Search a 2D Matrix";
			productName = "28. Search a 2D Matrix";
			productReference = 8C464F2922229B6500CCDC6E /* 28. Search a 2D Matrix */;
			productType = "com.apple.product-type.tool";
		};
		8C464F3322229E2200CCDC6E /* 38. 搜索二维矩阵 II */ = {
			isa = PBXNativeTarget;
			buildConfigurationList = 8C464F3822229E2200CCDC6E /* Build configuration list for PBXNativeTarget "38. 搜索二维矩阵 II" */;
			buildPhases = (
				8C464F3022229E2200CCDC6E /* Sources */,
				8C464F3122229E2200CCDC6E /* Frameworks */,
				8C464F3222229E2200CCDC6E /* CopyFiles */,
			);
			buildRules = (
			);
			dependencies = (
			);
			name = "38. 搜索二维矩阵 II";
			productName = "38. 搜索二维矩阵 II";
			productReference = 8C464F3422229E2200CCDC6E /* 38. 搜索二维矩阵 II */;
			productType = "com.apple.product-type.tool";
		};
		8C464F3E2222A00C00CCDC6E /* 52. 下一个排列 */ = {
			isa = PBXNativeTarget;
			buildConfigurationList = 8C464F432222A00C00CCDC6E /* Build configuration list for PBXNativeTarget "52. 下一个排列" */;
			buildPhases = (
				8C464F3B2222A00C00CCDC6E /* Sources */,
				8C464F3C2222A00C00CCDC6E /* Frameworks */,
				8C464F3D2222A00C00CCDC6E /* CopyFiles */,
			);
			buildRules = (
			);
			dependencies = (
			);
			name = "52. 下一个排列";
			productName = "52. 下一个排列";
			productReference = 8C464F3F2222A00C00CCDC6E /* 52. 下一个排列 */;
			productType = "com.apple.product-type.tool";
		};
		8C464F492222AD5400CCDC6E /* 75. 寻找峰值 */ = {
			isa = PBXNativeTarget;
			buildConfigurationList = 8C464F4E2222AD5400CCDC6E /* Build configuration list for PBXNativeTarget "75. 寻找峰值" */;
			buildPhases = (
				8C464F462222AD5400CCDC6E /* Sources */,
				8C464F472222AD5400CCDC6E /* Frameworks */,
				8C464F482222AD5400CCDC6E /* CopyFiles */,
			);
			buildRules = (
			);
			dependencies = (
			);
			name = "75. 寻找峰值";
			productName = "75. 寻找峰值";
			productReference = 8C464F4A2222AD5400CCDC6E /* 75. 寻找峰值 */;
			productType = "com.apple.product-type.tool";
		};
		8C464F542222B27700CCDC6E /* 104. 合并k个排序链表 */ = {
			isa = PBXNativeTarget;
			buildConfigurationList = 8C464F592222B27700CCDC6E /* Build configuration list for PBXNativeTarget "104. 合并k个排序链表" */;
			buildPhases = (
				8C464F512222B27700CCDC6E /* Sources */,
				8C464F522222B27700CCDC6E /* Frameworks */,
				8C464F532222B27700CCDC6E /* CopyFiles */,
			);
			buildRules = (
			);
			dependencies = (
			);
			name = "104. 合并k个排序链表";
			productName = "104. 合并k个排序链表";
			productReference = 8C464F552222B27700CCDC6E /* 104. 合并k个排序链表 */;
			productType = "com.apple.product-type.tool";
		};
		8C464F5F2222F13500CCDC6E /* 107. 单词拆分 I */ = {
			isa = PBXNativeTarget;
			buildConfigurationList = 8C464F642222F13500CCDC6E /* Build configuration list for PBXNativeTarget "107. 单词拆分 I" */;
			buildPhases = (
				8C464F5C2222F13500CCDC6E /* Sources */,
				8C464F5D2222F13500CCDC6E /* Frameworks */,
				8C464F5E2222F13500CCDC6E /* CopyFiles */,
			);
			buildRules = (
			);
			dependencies = (
			);
			name = "107. 单词拆分 I";
			productName = "107. 单词拆分 I";
			productReference = 8C464F602222F13500CCDC6E /* 107. 单词拆分 I */;
			productType = "com.apple.product-type.tool";
		};
		8C464F6A2223729000CCDC6E /* 109. 数字三角形 */ = {
			isa = PBXNativeTarget;
			buildConfigurationList = 8C464F6F2223729000CCDC6E /* Build configuration list for PBXNativeTarget "109. 数字三角形" */;
			buildPhases = (
				8C464F672223729000CCDC6E /* Sources */,
				8C464F682223729000CCDC6E /* Frameworks */,
				8C464F692223729000CCDC6E /* CopyFiles */,
			);
			buildRules = (
			);
			dependencies = (
			);
			name = "109. 数字三角形";
			productName = "109. 数字三角形";
			productReference = 8C464F6B2223729000CCDC6E /* 109. 数字三角形 */;
			productType = "com.apple.product-type.tool";
		};
		8C464F7522237A2300CCDC6E /* 124. 最长连续序列 */ = {
			isa = PBXNativeTarget;
			buildConfigurationList = 8C464F7A22237A2300CCDC6E /* Build configuration list for PBXNativeTarget "124. 最长连续序列" */;
			buildPhases = (
				8C464F7222237A2300CCDC6E /* Sources */,
				8C464F7322237A2300CCDC6E /* Frameworks */,
				8C464F7422237A2300CCDC6E /* CopyFiles */,
			);
			buildRules = (
			);
			dependencies = (
			);
			name = "124. 最长连续序列";
			productName = "124. 最长连续序列";
			productReference = 8C464F7622237A2300CCDC6E /* 124. 最长连续序列 */;
			productType = "com.apple.product-type.tool";
		};
		8CC0642C221E62EA0031B9BB /* LintCode-Google */ = {
			isa = PBXNativeTarget;
			buildConfigurationList = 8CC06434221E62EA0031B9BB /* Build configuration list for PBXNativeTarget "LintCode-Google" */;
			buildPhases = (
				8CC06429221E62EA0031B9BB /* Sources */,
				8CC0642A221E62EA0031B9BB /* Frameworks */,
				8CC0642B221E62EA0031B9BB /* CopyFiles */,
			);
			buildRules = (
			);
			dependencies = (
			);
			name = "LintCode-Google";
			productName = "LintCode-Google";
			productReference = 8CC0642D221E62EA0031B9BB /* LintCode-Google */;
			productType = "com.apple.product-type.tool";
		};
		8CC0643A221E64CD0031B9BB /* 1289. 原子的数量 */ = {
			isa = PBXNativeTarget;
			buildConfigurationList = 8CC0643F221E64CD0031B9BB /* Build configuration list for PBXNativeTarget "1289. 原子的数量" */;
			buildPhases = (
				8CC06437221E64CD0031B9BB /* Sources */,
				8CC06438221E64CD0031B9BB /* Frameworks */,
				8CC06439221E64CD0031B9BB /* CopyFiles */,
			);
			buildRules = (
			);
			dependencies = (
			);
			name = "1289. 原子的数量";
			productName = "1289. 原子的数量";
			productReference = 8CC0643B221E64CD0031B9BB /* 1289. 原子的数量 */;
			productType = "com.apple.product-type.tool";
		};
		8CC06450221EC4E40031B9BB /* 657. Insert Delete GetRandom O(1) */ = {
			isa = PBXNativeTarget;
			buildConfigurationList = 8CC06457221EC4E40031B9BB /* Build configuration list for PBXNativeTarget "657. Insert Delete GetRandom O(1)" */;
			buildPhases = (
				8CC0644D221EC4E40031B9BB /* Sources */,
				8CC0644E221EC4E40031B9BB /* Frameworks */,
				8CC0644F221EC4E40031B9BB /* CopyFiles */,
			);
			buildRules = (
			);
			dependencies = (
			);
			name = "657. Insert Delete GetRandom O(1)";
			productName = "657. Insert Delete GetRandom O(1)";
			productReference = 8CC06451221EC4E40031B9BB /* 657. Insert Delete GetRandom O(1) */;
			productType = "com.apple.product-type.tool";
		};
		8CC0645B221ED8930031B9BB /* 914. 翻转游戏 */ = {
			isa = PBXNativeTarget;
			buildConfigurationList = 8CC06462221ED8930031B9BB /* Build configuration list for PBXNativeTarget "914. 翻转游戏" */;
			buildPhases = (
				8CC06458221ED8930031B9BB /* Sources */,
				8CC06459221ED8930031B9BB /* Frameworks */,
				8CC0645A221ED8930031B9BB /* CopyFiles */,
			);
			buildRules = (
			);
			dependencies = (
			);
			name = "914. 翻转游戏";
			productName = "914. 翻转游戏";
			productReference = 8CC0645C221ED8930031B9BB /* 914. 翻转游戏 */;
			productType = "com.apple.product-type.tool";
		};
		8CC06466221EDB490031B9BB /* 913. 翻转游戏II */ = {
			isa = PBXNativeTarget;
			buildConfigurationList = 8CC0646B221EDB490031B9BB /* Build configuration list for PBXNativeTarget "913. 翻转游戏II" */;
			buildPhases = (
				8CC06463221EDB490031B9BB /* Sources */,
				8CC06464221EDB490031B9BB /* Frameworks */,
				8CC06465221EDB490031B9BB /* CopyFiles */,
			);
			buildRules = (
			);
			dependencies = (
			);
			name = "913. 翻转游戏II";
			productName = "913. 翻转游戏II";
			productReference = 8CC06467221EDB490031B9BB /* 913. 翻转游戏II */;
			productType = "com.apple.product-type.tool";
		};
		8CC06471221EE7030031B9BB /* 564. 组合总和 IV */ = {
			isa = PBXNativeTarget;
			buildConfigurationList = 8CC06476221EE7030031B9BB /* Build configuration list for PBXNativeTarget "564. 组合总和 IV" */;
			buildPhases = (
				8CC0646E221EE7030031B9BB /* Sources */,
				8CC0646F221EE7030031B9BB /* Frameworks */,
				8CC06470221EE7030031B9BB /* CopyFiles */,
			);
			buildRules = (
			);
			dependencies = (
			);
			name = "564. 组合总和 IV";
			productName = "564. 组合总和 IV";
			productReference = 8CC06472221EE7030031B9BB /* 564. 组合总和 IV */;
			productType = "com.apple.product-type.tool";
		};
		8CC0647C222067690031B9BB /* 1623. 数组中的最小距离 */ = {
			isa = PBXNativeTarget;
			buildConfigurationList = 8CC06483222067690031B9BB /* Build configuration list for PBXNativeTarget "1623. 数组中的最小距离" */;
			buildPhases = (
				8CC06479222067690031B9BB /* Sources */,
				8CC0647A222067690031B9BB /* Frameworks */,
				8CC0647B222067690031B9BB /* CopyFiles */,
			);
			buildRules = (
			);
			dependencies = (
			);
			name = "1623. 数组中的最小距离";
			productName = "1623. 数组中的最小距离";
			productReference = 8CC0647D222067690031B9BB /* 1623. 数组中的最小距离 */;
			productType = "com.apple.product-type.tool";
		};
		8CC064872220708B0031B9BB /* 1201. 下一个更大的数 II */ = {
			isa = PBXNativeTarget;
			buildConfigurationList = 8CC0648C2220708B0031B9BB /* Build configuration list for PBXNativeTarget "1201. 下一个更大的数 II" */;
			buildPhases = (
				8CC064842220708B0031B9BB /* Sources */,
				8CC064852220708B0031B9BB /* Frameworks */,
				8CC064862220708B0031B9BB /* CopyFiles */,
			);
			buildRules = (
			);
			dependencies = (
			);
			name = "1201. 下一个更大的数 II";
			productName = "1201. 下一个更大的数 II";
			productReference = 8CC064882220708B0031B9BB /* 1201. 下一个更大的数 II */;
			productType = "com.apple.product-type.tool";
		};
		8CC269EA2223AACE001EF864 /* 137. 克隆图 */ = {
			isa = PBXNativeTarget;
			buildConfigurationList = 8CC269F12223AACE001EF864 /* Build configuration list for PBXNativeTarget "137. 克隆图" */;
			buildPhases = (
				8CC269E72223AACE001EF864 /* Sources */,
				8CC269E82223AACE001EF864 /* Frameworks */,
				8CC269E92223AACE001EF864 /* CopyFiles */,
			);
			buildRules = (
			);
			dependencies = (
			);
			name = "137. 克隆图";
			productName = "137. 克隆图";
			productReference = 8CC269EB2223AACE001EF864 /* 137. 克隆图 */;
			productType = "com.apple.product-type.tool";
		};
		8CC269F52223B26D001EF864 /* 178. 图是否是树 */ = {
			isa = PBXNativeTarget;
			buildConfigurationList = 8CC269FC2223B26E001EF864 /* Build configuration list for PBXNativeTarget "178. 图是否是树" */;
			buildPhases = (
				8CC269F22223B26D001EF864 /* Sources */,
				8CC269F32223B26D001EF864 /* Frameworks */,
				8CC269F42223B26D001EF864 /* CopyFiles */,
			);
			buildRules = (
			);
			dependencies = (
			);
			name = "178. 图是否是树";
			productName = "178. 图是否是树";
			productReference = 8CC269F62223B26D001EF864 /* 178. 图是否是树 */;
			productType = "com.apple.product-type.tool";
		};
		8CC26A4F2225624D001EF864 /* 363. 接雨水 */ = {
			isa = PBXNativeTarget;
			buildConfigurationList = 8CC26A562225624D001EF864 /* Build configuration list for PBXNativeTarget "363. 接雨水" */;
			buildPhases = (
				8CC26A4C2225624D001EF864 /* Sources */,
				8CC26A4D2225624D001EF864 /* Frameworks */,
				8CC26A4E2225624D001EF864 /* CopyFiles */,
			);
			buildRules = (
			);
			dependencies = (
			);
			name = "363. 接雨水";
			productName = "363. 接雨水";
			productReference = 8CC26A502225624D001EF864 /* 363. 接雨水 */;
			productType = "com.apple.product-type.tool";
		};
		8CC26A5A222569CF001EF864 /* 374. 螺旋矩阵 */ = {
			isa = PBXNativeTarget;
			buildConfigurationList = 8CC26A5F222569CF001EF864 /* Build configuration list for PBXNativeTarget "374. 螺旋矩阵" */;
			buildPhases = (
				8CC26A57222569CF001EF864 /* Sources */,
				8CC26A58222569CF001EF864 /* Frameworks */,
				8CC26A59222569CF001EF864 /* CopyFiles */,
			);
			buildRules = (
			);
			dependencies = (
			);
			name = "374. 螺旋矩阵";
			productName = "374. 螺旋矩阵";
			productReference = 8CC26A5B222569CF001EF864 /* 374. 螺旋矩阵 */;
			productType = "com.apple.product-type.tool";
		};
		8CC26A65222571AF001EF864 /* 386. 最多有k个不同字符的最长子字符串 */ = {
			isa = PBXNativeTarget;
			buildConfigurationList = 8CC26A6A222571AF001EF864 /* Build configuration list for PBXNativeTarget "386. 最多有k个不同字符的最长子字符串" */;
			buildPhases = (
				8CC26A62222571AF001EF864 /* Sources */,
				8CC26A63222571AF001EF864 /* Frameworks */,
				8CC26A64222571AF001EF864 /* CopyFiles */,
			);
			buildRules = (
			);
			dependencies = (
			);
			name = "386. 最多有k个不同字符的最长子字符串";
			productName = "386. 最多有k个不同字符的最长子字符串";
			productReference = 8CC26A66222571AF001EF864 /* 386. 最多有k个不同字符的最长子字符串 */;
			productType = "com.apple.product-type.tool";
		};
/* End PBXNativeTarget section */

/* Begin PBXProject section */
		8CC06425221E62EA0031B9BB /* Project object */ = {
			isa = PBXProject;
			attributes = {
				LastUpgradeCheck = 1010;
				ORGANIZATIONNAME = "边俊林";
				TargetAttributes = {
					8C464EDE2221270300CCDC6E = {
						CreatedOnToolsVersion = 10.1;
					};
					8C464EE92221306D00CCDC6E = {
						CreatedOnToolsVersion = 10.1;
					};
					8C464EF422219DDB00CCDC6E = {
						CreatedOnToolsVersion = 10.1;
					};
					8C464F12222285B400CCDC6E = {
						CreatedOnToolsVersion = 10.1;
					};
					8C464F1D22228AC900CCDC6E = {
						CreatedOnToolsVersion = 10.1;
					};
					8C464F2822229B6500CCDC6E = {
						CreatedOnToolsVersion = 10.1;
					};
					8C464F3322229E2200CCDC6E = {
						CreatedOnToolsVersion = 10.1;
					};
					8C464F3E2222A00C00CCDC6E = {
						CreatedOnToolsVersion = 10.1;
					};
					8C464F492222AD5400CCDC6E = {
						CreatedOnToolsVersion = 10.1;
					};
					8C464F542222B27700CCDC6E = {
						CreatedOnToolsVersion = 10.1;
					};
					8C464F5F2222F13500CCDC6E = {
						CreatedOnToolsVersion = 10.1;
					};
					8C464F6A2223729000CCDC6E = {
						CreatedOnToolsVersion = 10.1;
					};
					8C464F7522237A2300CCDC6E = {
						CreatedOnToolsVersion = 10.1;
					};
					8CC0642C221E62EA0031B9BB = {
						CreatedOnToolsVersion = 10.1;
					};
					8CC0643A221E64CD0031B9BB = {
						CreatedOnToolsVersion = 10.1;
					};
					8CC06450221EC4E40031B9BB = {
						CreatedOnToolsVersion = 10.1;
					};
					8CC0645B221ED8930031B9BB = {
						CreatedOnToolsVersion = 10.1;
					};
					8CC06466221EDB490031B9BB = {
						CreatedOnToolsVersion = 10.1;
					};
					8CC06471221EE7030031B9BB = {
						CreatedOnToolsVersion = 10.1;
					};
					8CC0647C222067690031B9BB = {
						CreatedOnToolsVersion = 10.1;
					};
					8CC064872220708B0031B9BB = {
						CreatedOnToolsVersion = 10.1;
					};
					8CC269EA2223AACE001EF864 = {
						CreatedOnToolsVersion = 10.1;
					};
					8CC269F52223B26D001EF864 = {
						CreatedOnToolsVersion = 10.1;
					};
					8CC26A4F2225624D001EF864 = {
						CreatedOnToolsVersion = 10.1;
					};
					8CC26A5A222569CF001EF864 = {
						CreatedOnToolsVersion = 10.1;
					};
					8CC26A65222571AF001EF864 = {
						CreatedOnToolsVersion = 10.1;
					};
				};
			};
			buildConfigurationList = 8CC06428221E62EA0031B9BB /* Build configuration list for PBXProject "LintCode-Google" */;
			compatibilityVersion = "Xcode 9.3";
			developmentRegion = en;
			hasScannedForEncodings = 0;
			knownRegions = (
				en,
			);
			mainGroup = 8CC06424221E62EA0031B9BB;
			productRefGroup = 8CC0642E221E62EA0031B9BB /* Products */;
			projectDirPath = "";
			projectRoot = "";
			targets = (
				8CC0642C221E62EA0031B9BB /* LintCode-Google */,
				8CC0643A221E64CD0031B9BB /* 1289. 原子的数量 */,
				8CC06450221EC4E40031B9BB /* 657. Insert Delete GetRandom O(1) */,
				8CC0645B221ED8930031B9BB /* 914. 翻转游戏 */,
				8CC06466221EDB490031B9BB /* 913. 翻转游戏II */,
				8CC06471221EE7030031B9BB /* 564. 组合总和 IV */,
				8CC0647C222067690031B9BB /* 1623. 数组中的最小距离 */,
				8CC064872220708B0031B9BB /* 1201. 下一个更大的数 II */,
				8C464EDE2221270300CCDC6E /* 1206. 下一个更大的数 I */,
				8C464EE92221306D00CCDC6E /* 1174. 下一个更大的元素 III */,
				8C464EF422219DDB00CCDC6E /* 5. 第k大元素 */,
				8C464F12222285B400CCDC6E /* 12. 带最小值操作的栈 */,
				8C464F1D22228AC900CCDC6E /* 30. 插入区间 */,
				8C464F2822229B6500CCDC6E /* 28. Search a 2D Matrix */,
				8C464F3322229E2200CCDC6E /* 38. 搜索二维矩阵 II */,
				8C464F3E2222A00C00CCDC6E /* 52. 下一个排列 */,
				8C464F492222AD5400CCDC6E /* 75. 寻找峰值 */,
				8C464F542222B27700CCDC6E /* 104. 合并k个排序链表 */,
				8C464F5F2222F13500CCDC6E /* 107. 单词拆分 I */,
				8C464F6A2223729000CCDC6E /* 109. 数字三角形 */,
				8C464F7522237A2300CCDC6E /* 124. 最长连续序列 */,
				8CC269EA2223AACE001EF864 /* 137. 克隆图 */,
				8CC269F52223B26D001EF864 /* 178. 图是否是树 */,
				8CC26A4F2225624D001EF864 /* 363. 接雨水 */,
				8CC26A5A222569CF001EF864 /* 374. 螺旋矩阵 */,
				8CC26A65222571AF001EF864 /* 386. 最多有k个不同字符的最长子字符串 */,
			);
		};
/* End PBXProject section */

/* Begin PBXSourcesBuildPhase section */
		8C464EDB2221270300CCDC6E /* Sources */ = {
			isa = PBXSourcesBuildPhase;
			buildActionMask = 2147483647;
			files = (
				8C464EE22221270300CCDC6E /* main.cpp in Sources */,
			);
			runOnlyForDeploymentPostprocessing = 0;
		};
		8C464EE62221306D00CCDC6E /* Sources */ = {
			isa = PBXSourcesBuildPhase;
			buildActionMask = 2147483647;
			files = (
				8C464EED2221306D00CCDC6E /* main.cpp in Sources */,
			);
			runOnlyForDeploymentPostprocessing = 0;
		};
		8C464EF122219DDB00CCDC6E /* Sources */ = {
			isa = PBXSourcesBuildPhase;
			buildActionMask = 2147483647;
			files = (
				8C464EF822219DDB00CCDC6E /* main.cpp in Sources */,
			);
			runOnlyForDeploymentPostprocessing = 0;
		};
		8C464F0F222285B400CCDC6E /* Sources */ = {
			isa = PBXSourcesBuildPhase;
			buildActionMask = 2147483647;
			files = (
				8C464F16222285B400CCDC6E /* main.cpp in Sources */,
			);
			runOnlyForDeploymentPostprocessing = 0;
		};
		8C464F1A22228AC900CCDC6E /* Sources */ = {
			isa = PBXSourcesBuildPhase;
			buildActionMask = 2147483647;
			files = (
				8C464F2122228AC900CCDC6E /* main.cpp in Sources */,
			);
			runOnlyForDeploymentPostprocessing = 0;
		};
		8C464F2522229B6500CCDC6E /* Sources */ = {
			isa = PBXSourcesBuildPhase;
			buildActionMask = 2147483647;
			files = (
				8C464F2C22229B6500CCDC6E /* main.cpp in Sources */,
			);
			runOnlyForDeploymentPostprocessing = 0;
		};
		8C464F3022229E2200CCDC6E /* Sources */ = {
			isa = PBXSourcesBuildPhase;
			buildActionMask = 2147483647;
			files = (
				8C464F3722229E2200CCDC6E /* main.cpp in Sources */,
			);
			runOnlyForDeploymentPostprocessing = 0;
		};
		8C464F3B2222A00C00CCDC6E /* Sources */ = {
			isa = PBXSourcesBuildPhase;
			buildActionMask = 2147483647;
			files = (
				8C464F422222A00C00CCDC6E /* main.cpp in Sources */,
			);
			runOnlyForDeploymentPostprocessing = 0;
		};
		8C464F462222AD5400CCDC6E /* Sources */ = {
			isa = PBXSourcesBuildPhase;
			buildActionMask = 2147483647;
			files = (
				8C464F4D2222AD5400CCDC6E /* main.cpp in Sources */,
			);
			runOnlyForDeploymentPostprocessing = 0;
		};
		8C464F512222B27700CCDC6E /* Sources */ = {
			isa = PBXSourcesBuildPhase;
			buildActionMask = 2147483647;
			files = (
				8C464F582222B27700CCDC6E /* main.cpp in Sources */,
			);
			runOnlyForDeploymentPostprocessing = 0;
		};
		8C464F5C2222F13500CCDC6E /* Sources */ = {
			isa = PBXSourcesBuildPhase;
			buildActionMask = 2147483647;
			files = (
				8C464F632222F13500CCDC6E /* main.cpp in Sources */,
			);
			runOnlyForDeploymentPostprocessing = 0;
		};
		8C464F672223729000CCDC6E /* Sources */ = {
			isa = PBXSourcesBuildPhase;
			buildActionMask = 2147483647;
			files = (
				8C464F6E2223729000CCDC6E /* main.cpp in Sources */,
			);
			runOnlyForDeploymentPostprocessing = 0;
		};
		8C464F7222237A2300CCDC6E /* Sources */ = {
			isa = PBXSourcesBuildPhase;
			buildActionMask = 2147483647;
			files = (
				8C464F7922237A2300CCDC6E /* main.cpp in Sources */,
			);
			runOnlyForDeploymentPostprocessing = 0;
		};
		8CC06429221E62EA0031B9BB /* Sources */ = {
			isa = PBXSourcesBuildPhase;
			buildActionMask = 2147483647;
			files = (
				8CC06431221E62EA0031B9BB /* main.cpp in Sources */,
			);
			runOnlyForDeploymentPostprocessing = 0;
		};
		8CC06437221E64CD0031B9BB /* Sources */ = {
			isa = PBXSourcesBuildPhase;
			buildActionMask = 2147483647;
			files = (
				8CC0643E221E64CD0031B9BB /* main.cpp in Sources */,
			);
			runOnlyForDeploymentPostprocessing = 0;
		};
		8CC0644D221EC4E40031B9BB /* Sources */ = {
			isa = PBXSourcesBuildPhase;
			buildActionMask = 2147483647;
			files = (
				8CC06454221EC4E40031B9BB /* main.cpp in Sources */,
			);
			runOnlyForDeploymentPostprocessing = 0;
		};
		8CC06458221ED8930031B9BB /* Sources */ = {
			isa = PBXSourcesBuildPhase;
			buildActionMask = 2147483647;
			files = (
				8CC0645F221ED8930031B9BB /* main.cpp in Sources */,
			);
			runOnlyForDeploymentPostprocessing = 0;
		};
		8CC06463221EDB490031B9BB /* Sources */ = {
			isa = PBXSourcesBuildPhase;
			buildActionMask = 2147483647;
			files = (
				8CC0646A221EDB490031B9BB /* main.cpp in Sources */,
			);
			runOnlyForDeploymentPostprocessing = 0;
		};
		8CC0646E221EE7030031B9BB /* Sources */ = {
			isa = PBXSourcesBuildPhase;
			buildActionMask = 2147483647;
			files = (
				8CC06475221EE7030031B9BB /* main.cpp in Sources */,
			);
			runOnlyForDeploymentPostprocessing = 0;
		};
		8CC06479222067690031B9BB /* Sources */ = {
			isa = PBXSourcesBuildPhase;
			buildActionMask = 2147483647;
			files = (
				8CC06480222067690031B9BB /* main.cpp in Sources */,
			);
			runOnlyForDeploymentPostprocessing = 0;
		};
		8CC064842220708B0031B9BB /* Sources */ = {
			isa = PBXSourcesBuildPhase;
			buildActionMask = 2147483647;
			files = (
				8CC0648B2220708B0031B9BB /* main.cpp in Sources */,
			);
			runOnlyForDeploymentPostprocessing = 0;
		};
		8CC269E72223AACE001EF864 /* Sources */ = {
			isa = PBXSourcesBuildPhase;
			buildActionMask = 2147483647;
			files = (
				8CC269EE2223AACE001EF864 /* main.cpp in Sources */,
			);
			runOnlyForDeploymentPostprocessing = 0;
		};
		8CC269F22223B26D001EF864 /* Sources */ = {
			isa = PBXSourcesBuildPhase;
			buildActionMask = 2147483647;
			files = (
				8CC269F92223B26E001EF864 /* main.cpp in Sources */,
			);
			runOnlyForDeploymentPostprocessing = 0;
		};
		8CC26A4C2225624D001EF864 /* Sources */ = {
			isa = PBXSourcesBuildPhase;
			buildActionMask = 2147483647;
			files = (
				8CC26A532225624D001EF864 /* main.cpp in Sources */,
			);
			runOnlyForDeploymentPostprocessing = 0;
		};
		8CC26A57222569CF001EF864 /* Sources */ = {
			isa = PBXSourcesBuildPhase;
			buildActionMask = 2147483647;
			files = (
				8CC26A5E222569CF001EF864 /* main.cpp in Sources */,
			);
			runOnlyForDeploymentPostprocessing = 0;
		};
		8CC26A62222571AF001EF864 /* Sources */ = {
			isa = PBXSourcesBuildPhase;
			buildActionMask = 2147483647;
			files = (
				8CC26A69222571AF001EF864 /* main.cpp in Sources */,
			);
			runOnlyForDeploymentPostprocessing = 0;
		};
/* End PBXSourcesBuildPhase section */

/* Begin XCBuildConfiguration section */
		8C464EE32221270300CCDC6E /* Debug */ = {
			isa = XCBuildConfiguration;
			buildSettings = {
				CODE_SIGN_STYLE = Automatic;
				PRODUCT_NAME = "$(TARGET_NAME)";
			};
			name = Debug;
		};
		8C464EE42221270300CCDC6E /* Release */ = {
			isa = XCBuildConfiguration;
			buildSettings = {
				CODE_SIGN_STYLE = Automatic;
				PRODUCT_NAME = "$(TARGET_NAME)";
			};
			name = Release;
		};
		8C464EEF2221306D00CCDC6E /* Debug */ = {
			isa = XCBuildConfiguration;
			buildSettings = {
				CODE_SIGN_STYLE = Automatic;
				PRODUCT_NAME = "$(TARGET_NAME)";
			};
			name = Debug;
		};
		8C464EF02221306D00CCDC6E /* Release */ = {
			isa = XCBuildConfiguration;
			buildSettings = {
				CODE_SIGN_STYLE = Automatic;
				PRODUCT_NAME = "$(TARGET_NAME)";
			};
			name = Release;
		};
		8C464EFA22219DDB00CCDC6E /* Debug */ = {
			isa = XCBuildConfiguration;
			buildSettings = {
				CODE_SIGN_STYLE = Automatic;
				PRODUCT_NAME = "$(TARGET_NAME)";
			};
			name = Debug;
		};
		8C464EFB22219DDB00CCDC6E /* Release */ = {
			isa = XCBuildConfiguration;
			buildSettings = {
				CODE_SIGN_STYLE = Automatic;
				PRODUCT_NAME = "$(TARGET_NAME)";
			};
			name = Release;
		};
		8C464F18222285B400CCDC6E /* Debug */ = {
			isa = XCBuildConfiguration;
			buildSettings = {
				CODE_SIGN_STYLE = Automatic;
				PRODUCT_NAME = "$(TARGET_NAME)";
			};
			name = Debug;
		};
		8C464F19222285B400CCDC6E /* Release */ = {
			isa = XCBuildConfiguration;
			buildSettings = {
				CODE_SIGN_STYLE = Automatic;
				PRODUCT_NAME = "$(TARGET_NAME)";
			};
			name = Release;
		};
		8C464F2322228AC900CCDC6E /* Debug */ = {
			isa = XCBuildConfiguration;
			buildSettings = {
				CODE_SIGN_STYLE = Automatic;
				PRODUCT_NAME = "$(TARGET_NAME)";
			};
			name = Debug;
		};
		8C464F2422228AC900CCDC6E /* Release */ = {
			isa = XCBuildConfiguration;
			buildSettings = {
				CODE_SIGN_STYLE = Automatic;
				PRODUCT_NAME = "$(TARGET_NAME)";
			};
			name = Release;
		};
		8C464F2E22229B6500CCDC6E /* Debug */ = {
			isa = XCBuildConfiguration;
			buildSettings = {
				CODE_SIGN_STYLE = Automatic;
				PRODUCT_NAME = "$(TARGET_NAME)";
			};
			name = Debug;
		};
		8C464F2F22229B6500CCDC6E /* Release */ = {
			isa = XCBuildConfiguration;
			buildSettings = {
				CODE_SIGN_STYLE = Automatic;
				PRODUCT_NAME = "$(TARGET_NAME)";
			};
			name = Release;
		};
		8C464F3922229E2200CCDC6E /* Debug */ = {
			isa = XCBuildConfiguration;
			buildSettings = {
				CODE_SIGN_STYLE = Automatic;
				PRODUCT_NAME = "$(TARGET_NAME)";
			};
			name = Debug;
		};
		8C464F3A22229E2200CCDC6E /* Release */ = {
			isa = XCBuildConfiguration;
			buildSettings = {
				CODE_SIGN_STYLE = Automatic;
				PRODUCT_NAME = "$(TARGET_NAME)";
			};
			name = Release;
		};
		8C464F442222A00C00CCDC6E /* Debug */ = {
			isa = XCBuildConfiguration;
			buildSettings = {
				CODE_SIGN_STYLE = Automatic;
				PRODUCT_NAME = "$(TARGET_NAME)";
			};
			name = Debug;
		};
		8C464F452222A00C00CCDC6E /* Release */ = {
			isa = XCBuildConfiguration;
			buildSettings = {
				CODE_SIGN_STYLE = Automatic;
				PRODUCT_NAME = "$(TARGET_NAME)";
			};
			name = Release;
		};
		8C464F4F2222AD5400CCDC6E /* Debug */ = {
			isa = XCBuildConfiguration;
			buildSettings = {
				CODE_SIGN_STYLE = Automatic;
				PRODUCT_NAME = "$(TARGET_NAME)";
			};
			name = Debug;
		};
		8C464F502222AD5400CCDC6E /* Release */ = {
			isa = XCBuildConfiguration;
			buildSettings = {
				CODE_SIGN_STYLE = Automatic;
				PRODUCT_NAME = "$(TARGET_NAME)";
			};
			name = Release;
		};
		8C464F5A2222B27700CCDC6E /* Debug */ = {
			isa = XCBuildConfiguration;
			buildSettings = {
				CODE_SIGN_STYLE = Automatic;
				PRODUCT_NAME = "$(TARGET_NAME)";
			};
			name = Debug;
		};
		8C464F5B2222B27700CCDC6E /* Release */ = {
			isa = XCBuildConfiguration;
			buildSettings = {
				CODE_SIGN_STYLE = Automatic;
				PRODUCT_NAME = "$(TARGET_NAME)";
			};
			name = Release;
		};
		8C464F652222F13500CCDC6E /* Debug */ = {
			isa = XCBuildConfiguration;
			buildSettings = {
				CODE_SIGN_STYLE = Automatic;
				PRODUCT_NAME = "$(TARGET_NAME)";
			};
			name = Debug;
		};
		8C464F662222F13500CCDC6E /* Release */ = {
			isa = XCBuildConfiguration;
			buildSettings = {
				CODE_SIGN_STYLE = Automatic;
				PRODUCT_NAME = "$(TARGET_NAME)";
			};
			name = Release;
		};
		8C464F702223729000CCDC6E /* Debug */ = {
			isa = XCBuildConfiguration;
			buildSettings = {
				CODE_SIGN_STYLE = Automatic;
				PRODUCT_NAME = "$(TARGET_NAME)";
			};
			name = Debug;
		};
		8C464F712223729000CCDC6E /* Release */ = {
			isa = XCBuildConfiguration;
			buildSettings = {
				CODE_SIGN_STYLE = Automatic;
				PRODUCT_NAME = "$(TARGET_NAME)";
			};
			name = Release;
		};
		8C464F7B22237A2300CCDC6E /* Debug */ = {
			isa = XCBuildConfiguration;
			buildSettings = {
				CODE_SIGN_STYLE = Automatic;
				PRODUCT_NAME = "$(TARGET_NAME)";
			};
			name = Debug;
		};
		8C464F7C22237A2300CCDC6E /* Release */ = {
			isa = XCBuildConfiguration;
			buildSettings = {
				CODE_SIGN_STYLE = Automatic;
				PRODUCT_NAME = "$(TARGET_NAME)";
			};
			name = Release;
		};
		8CC06432221E62EA0031B9BB /* Debug */ = {
			isa = XCBuildConfiguration;
			buildSettings = {
				ALWAYS_SEARCH_USER_PATHS = NO;
				CLANG_ANALYZER_NONNULL = YES;
				CLANG_ANALYZER_NUMBER_OBJECT_CONVERSION = YES_AGGRESSIVE;
				CLANG_CXX_LANGUAGE_STANDARD = "gnu++14";
				CLANG_CXX_LIBRARY = "libc++";
				CLANG_ENABLE_MODULES = YES;
				CLANG_ENABLE_OBJC_ARC = YES;
				CLANG_ENABLE_OBJC_WEAK = YES;
				CLANG_WARN_BLOCK_CAPTURE_AUTORELEASING = YES;
				CLANG_WARN_BOOL_CONVERSION = YES;
				CLANG_WARN_COMMA = YES;
				CLANG_WARN_CONSTANT_CONVERSION = YES;
				CLANG_WARN_DEPRECATED_OBJC_IMPLEMENTATIONS = YES;
				CLANG_WARN_DIRECT_OBJC_ISA_USAGE = YES_ERROR;
				CLANG_WARN_DOCUMENTATION_COMMENTS = YES;
				CLANG_WARN_EMPTY_BODY = YES;
				CLANG_WARN_ENUM_CONVERSION = YES;
				CLANG_WARN_INFINITE_RECURSION = YES;
				CLANG_WARN_INT_CONVERSION = YES;
				CLANG_WARN_NON_LITERAL_NULL_CONVERSION = YES;
				CLANG_WARN_OBJC_IMPLICIT_RETAIN_SELF = YES;
				CLANG_WARN_OBJC_LITERAL_CONVERSION = YES;
				CLANG_WARN_OBJC_ROOT_CLASS = YES_ERROR;
				CLANG_WARN_RANGE_LOOP_ANALYSIS = YES;
				CLANG_WARN_STRICT_PROTOTYPES = YES;
				CLANG_WARN_SUSPICIOUS_MOVE = YES;
				CLANG_WARN_UNGUARDED_AVAILABILITY = YES_AGGRESSIVE;
				CLANG_WARN_UNREACHABLE_CODE = YES;
				CLANG_WARN__DUPLICATE_METHOD_MATCH = YES;
				CODE_SIGN_IDENTITY = "-";
				COPY_PHASE_STRIP = NO;
				DEBUG_INFORMATION_FORMAT = dwarf;
				ENABLE_STRICT_OBJC_MSGSEND = YES;
				ENABLE_TESTABILITY = YES;
				GCC_C_LANGUAGE_STANDARD = gnu11;
				GCC_DYNAMIC_NO_PIC = NO;
				GCC_NO_COMMON_BLOCKS = YES;
				GCC_OPTIMIZATION_LEVEL = 0;
				GCC_PREPROCESSOR_DEFINITIONS = (
					"DEBUG=1",
					"$(inherited)",
				);
				GCC_WARN_64_TO_32_BIT_CONVERSION = YES;
				GCC_WARN_ABOUT_RETURN_TYPE = YES_ERROR;
				GCC_WARN_UNDECLARED_SELECTOR = YES;
				GCC_WARN_UNINITIALIZED_AUTOS = YES_AGGRESSIVE;
				GCC_WARN_UNUSED_FUNCTION = YES;
				GCC_WARN_UNUSED_VARIABLE = YES;
				MACOSX_DEPLOYMENT_TARGET = 10.14;
				MTL_ENABLE_DEBUG_INFO = INCLUDE_SOURCE;
				MTL_FAST_MATH = YES;
				ONLY_ACTIVE_ARCH = YES;
				SDKROOT = macosx;
			};
			name = Debug;
		};
		8CC06433221E62EA0031B9BB /* Release */ = {
			isa = XCBuildConfiguration;
			buildSettings = {
				ALWAYS_SEARCH_USER_PATHS = NO;
				CLANG_ANALYZER_NONNULL = YES;
				CLANG_ANALYZER_NUMBER_OBJECT_CONVERSION = YES_AGGRESSIVE;
				CLANG_CXX_LANGUAGE_STANDARD = "gnu++14";
				CLANG_CXX_LIBRARY = "libc++";
				CLANG_ENABLE_MODULES = YES;
				CLANG_ENABLE_OBJC_ARC = YES;
				CLANG_ENABLE_OBJC_WEAK = YES;
				CLANG_WARN_BLOCK_CAPTURE_AUTORELEASING = YES;
				CLANG_WARN_BOOL_CONVERSION = YES;
				CLANG_WARN_COMMA = YES;
				CLANG_WARN_CONSTANT_CONVERSION = YES;
				CLANG_WARN_DEPRECATED_OBJC_IMPLEMENTATIONS = YES;
				CLANG_WARN_DIRECT_OBJC_ISA_USAGE = YES_ERROR;
				CLANG_WARN_DOCUMENTATION_COMMENTS = YES;
				CLANG_WARN_EMPTY_BODY = YES;
				CLANG_WARN_ENUM_CONVERSION = YES;
				CLANG_WARN_INFINITE_RECURSION = YES;
				CLANG_WARN_INT_CONVERSION = YES;
				CLANG_WARN_NON_LITERAL_NULL_CONVERSION = YES;
				CLANG_WARN_OBJC_IMPLICIT_RETAIN_SELF = YES;
				CLANG_WARN_OBJC_LITERAL_CONVERSION = YES;
				CLANG_WARN_OBJC_ROOT_CLASS = YES_ERROR;
				CLANG_WARN_RANGE_LOOP_ANALYSIS = YES;
				CLANG_WARN_STRICT_PROTOTYPES = YES;
				CLANG_WARN_SUSPICIOUS_MOVE = YES;
				CLANG_WARN_UNGUARDED_AVAILABILITY = YES_AGGRESSIVE;
				CLANG_WARN_UNREACHABLE_CODE = YES;
				CLANG_WARN__DUPLICATE_METHOD_MATCH = YES;
				CODE_SIGN_IDENTITY = "-";
				COPY_PHASE_STRIP = NO;
				DEBUG_INFORMATION_FORMAT = "dwarf-with-dsym";
				ENABLE_NS_ASSERTIONS = NO;
				ENABLE_STRICT_OBJC_MSGSEND = YES;
				GCC_C_LANGUAGE_STANDARD = gnu11;
				GCC_NO_COMMON_BLOCKS = YES;
				GCC_WARN_64_TO_32_BIT_CONVERSION = YES;
				GCC_WARN_ABOUT_RETURN_TYPE = YES_ERROR;
				GCC_WARN_UNDECLARED_SELECTOR = YES;
				GCC_WARN_UNINITIALIZED_AUTOS = YES_AGGRESSIVE;
				GCC_WARN_UNUSED_FUNCTION = YES;
				GCC_WARN_UNUSED_VARIABLE = YES;
				MACOSX_DEPLOYMENT_TARGET = 10.14;
				MTL_ENABLE_DEBUG_INFO = NO;
				MTL_FAST_MATH = YES;
				SDKROOT = macosx;
			};
			name = Release;
		};
		8CC06435221E62EA0031B9BB /* Debug */ = {
			isa = XCBuildConfiguration;
			buildSettings = {
				CODE_SIGN_STYLE = Automatic;
				PRODUCT_NAME = "$(TARGET_NAME)";
			};
			name = Debug;
		};
		8CC06436221E62EA0031B9BB /* Release */ = {
			isa = XCBuildConfiguration;
			buildSettings = {
				CODE_SIGN_STYLE = Automatic;
				PRODUCT_NAME = "$(TARGET_NAME)";
			};
			name = Release;
		};
		8CC06440221E64CD0031B9BB /* Debug */ = {
			isa = XCBuildConfiguration;
			buildSettings = {
				CODE_SIGN_STYLE = Automatic;
				PRODUCT_NAME = "$(TARGET_NAME)";
			};
			name = Debug;
		};
		8CC06441221E64CD0031B9BB /* Release */ = {
			isa = XCBuildConfiguration;
			buildSettings = {
				CODE_SIGN_STYLE = Automatic;
				PRODUCT_NAME = "$(TARGET_NAME)";
			};
			name = Release;
		};
		8CC06455221EC4E40031B9BB /* Debug */ = {
			isa = XCBuildConfiguration;
			buildSettings = {
				CODE_SIGN_STYLE = Automatic;
				PRODUCT_NAME = "$(TARGET_NAME)";
			};
			name = Debug;
		};
		8CC06456221EC4E40031B9BB /* Release */ = {
			isa = XCBuildConfiguration;
			buildSettings = {
				CODE_SIGN_STYLE = Automatic;
				PRODUCT_NAME = "$(TARGET_NAME)";
			};
			name = Release;
		};
		8CC06460221ED8930031B9BB /* Debug */ = {
			isa = XCBuildConfiguration;
			buildSettings = {
				CODE_SIGN_STYLE = Automatic;
				PRODUCT_NAME = "$(TARGET_NAME)";
			};
			name = Debug;
		};
		8CC06461221ED8930031B9BB /* Release */ = {
			isa = XCBuildConfiguration;
			buildSettings = {
				CODE_SIGN_STYLE = Automatic;
				PRODUCT_NAME = "$(TARGET_NAME)";
			};
			name = Release;
		};
		8CC0646C221EDB490031B9BB /* Debug */ = {
			isa = XCBuildConfiguration;
			buildSettings = {
				CODE_SIGN_STYLE = Automatic;
				PRODUCT_NAME = "$(TARGET_NAME)";
			};
			name = Debug;
		};
		8CC0646D221EDB490031B9BB /* Release */ = {
			isa = XCBuildConfiguration;
			buildSettings = {
				CODE_SIGN_STYLE = Automatic;
				PRODUCT_NAME = "$(TARGET_NAME)";
			};
			name = Release;
		};
		8CC06477221EE7030031B9BB /* Debug */ = {
			isa = XCBuildConfiguration;
			buildSettings = {
				CODE_SIGN_STYLE = Automatic;
				PRODUCT_NAME = "$(TARGET_NAME)";
			};
			name = Debug;
		};
		8CC06478221EE7030031B9BB /* Release */ = {
			isa = XCBuildConfiguration;
			buildSettings = {
				CODE_SIGN_STYLE = Automatic;
				PRODUCT_NAME = "$(TARGET_NAME)";
			};
			name = Release;
		};
		8CC06481222067690031B9BB /* Debug */ = {
			isa = XCBuildConfiguration;
			buildSettings = {
				CODE_SIGN_STYLE = Automatic;
				PRODUCT_NAME = "$(TARGET_NAME)";
			};
			name = Debug;
		};
		8CC06482222067690031B9BB /* Release */ = {
			isa = XCBuildConfiguration;
			buildSettings = {
				CODE_SIGN_STYLE = Automatic;
				PRODUCT_NAME = "$(TARGET_NAME)";
			};
			name = Release;
		};
		8CC0648D2220708B0031B9BB /* Debug */ = {
			isa = XCBuildConfiguration;
			buildSettings = {
				CODE_SIGN_STYLE = Automatic;
				PRODUCT_NAME = "$(TARGET_NAME)";
			};
			name = Debug;
		};
		8CC0648E2220708B0031B9BB /* Release */ = {
			isa = XCBuildConfiguration;
			buildSettings = {
				CODE_SIGN_STYLE = Automatic;
				PRODUCT_NAME = "$(TARGET_NAME)";
			};
			name = Release;
		};
		8CC269EF2223AACE001EF864 /* Debug */ = {
			isa = XCBuildConfiguration;
			buildSettings = {
				CODE_SIGN_STYLE = Automatic;
				PRODUCT_NAME = "$(TARGET_NAME)";
			};
			name = Debug;
		};
		8CC269F02223AACE001EF864 /* Release */ = {
			isa = XCBuildConfiguration;
			buildSettings = {
				CODE_SIGN_STYLE = Automatic;
				PRODUCT_NAME = "$(TARGET_NAME)";
			};
			name = Release;
		};
		8CC269FA2223B26E001EF864 /* Debug */ = {
			isa = XCBuildConfiguration;
			buildSettings = {
				CODE_SIGN_STYLE = Automatic;
				PRODUCT_NAME = "$(TARGET_NAME)";
			};
			name = Debug;
		};
		8CC269FB2223B26E001EF864 /* Release */ = {
			isa = XCBuildConfiguration;
			buildSettings = {
				CODE_SIGN_STYLE = Automatic;
				PRODUCT_NAME = "$(TARGET_NAME)";
			};
			name = Release;
		};
		8CC26A542225624D001EF864 /* Debug */ = {
			isa = XCBuildConfiguration;
			buildSettings = {
				CODE_SIGN_STYLE = Automatic;
				PRODUCT_NAME = "$(TARGET_NAME)";
			};
			name = Debug;
		};
		8CC26A552225624D001EF864 /* Release */ = {
			isa = XCBuildConfiguration;
			buildSettings = {
				CODE_SIGN_STYLE = Automatic;
				PRODUCT_NAME = "$(TARGET_NAME)";
			};
			name = Release;
		};
		8CC26A60222569CF001EF864 /* Debug */ = {
			isa = XCBuildConfiguration;
			buildSettings = {
				CODE_SIGN_STYLE = Automatic;
				PRODUCT_NAME = "$(TARGET_NAME)";
			};
			name = Debug;
		};
		8CC26A61222569CF001EF864 /* Release */ = {
			isa = XCBuildConfiguration;
			buildSettings = {
				CODE_SIGN_STYLE = Automatic;
				PRODUCT_NAME = "$(TARGET_NAME)";
			};
			name = Release;
		};
		8CC26A6B222571AF001EF864 /* Debug */ = {
			isa = XCBuildConfiguration;
			buildSettings = {
				CODE_SIGN_STYLE = Automatic;
				PRODUCT_NAME = "$(TARGET_NAME)";
			};
			name = Debug;
		};
		8CC26A6C222571AF001EF864 /* Release */ = {
			isa = XCBuildConfiguration;
			buildSettings = {
				CODE_SIGN_STYLE = Automatic;
				PRODUCT_NAME = "$(TARGET_NAME)";
			};
			name = Release;
		};
/* End XCBuildConfiguration section */

/* Begin XCConfigurationList section */
		8C464EE52221270300CCDC6E /* Build configuration list for PBXNativeTarget "1206. 下一个更大的数 I" */ = {
			isa = XCConfigurationList;
			buildConfigurations = (
				8C464EE32221270300CCDC6E /* Debug */,
				8C464EE42221270300CCDC6E /* Release */,
			);
			defaultConfigurationIsVisible = 0;
			defaultConfigurationName = Release;
		};
		8C464EEE2221306D00CCDC6E /* Build configuration list for PBXNativeTarget "1174. 下一个更大的元素 III" */ = {
			isa = XCConfigurationList;
			buildConfigurations = (
				8C464EEF2221306D00CCDC6E /* Debug */,
				8C464EF02221306D00CCDC6E /* Release */,
			);
			defaultConfigurationIsVisible = 0;
			defaultConfigurationName = Release;
		};
		8C464EF922219DDB00CCDC6E /* Build configuration list for PBXNativeTarget "5. 第k大元素" */ = {
			isa = XCConfigurationList;
			buildConfigurations = (
				8C464EFA22219DDB00CCDC6E /* Debug */,
				8C464EFB22219DDB00CCDC6E /* Release */,
			);
			defaultConfigurationIsVisible = 0;
			defaultConfigurationName = Release;
		};
		8C464F17222285B400CCDC6E /* Build configuration list for PBXNativeTarget "12. 带最小值操作的栈" */ = {
			isa = XCConfigurationList;
			buildConfigurations = (
				8C464F18222285B400CCDC6E /* Debug */,
				8C464F19222285B400CCDC6E /* Release */,
			);
			defaultConfigurationIsVisible = 0;
			defaultConfigurationName = Release;
		};
		8C464F2222228AC900CCDC6E /* Build configuration list for PBXNativeTarget "30. 插入区间" */ = {
			isa = XCConfigurationList;
			buildConfigurations = (
				8C464F2322228AC900CCDC6E /* Debug */,
				8C464F2422228AC900CCDC6E /* Release */,
			);
			defaultConfigurationIsVisible = 0;
			defaultConfigurationName = Release;
		};
		8C464F2D22229B6500CCDC6E /* Build configuration list for PBXNativeTarget "28. Search a 2D Matrix" */ = {
			isa = XCConfigurationList;
			buildConfigurations = (
				8C464F2E22229B6500CCDC6E /* Debug */,
				8C464F2F22229B6500CCDC6E /* Release */,
			);
			defaultConfigurationIsVisible = 0;
			defaultConfigurationName = Release;
		};
		8C464F3822229E2200CCDC6E /* Build configuration list for PBXNativeTarget "38. 搜索二维矩阵 II" */ = {
			isa = XCConfigurationList;
			buildConfigurations = (
				8C464F3922229E2200CCDC6E /* Debug */,
				8C464F3A22229E2200CCDC6E /* Release */,
			);
			defaultConfigurationIsVisible = 0;
			defaultConfigurationName = Release;
		};
		8C464F432222A00C00CCDC6E /* Build configuration list for PBXNativeTarget "52. 下一个排列" */ = {
			isa = XCConfigurationList;
			buildConfigurations = (
				8C464F442222A00C00CCDC6E /* Debug */,
				8C464F452222A00C00CCDC6E /* Release */,
			);
			defaultConfigurationIsVisible = 0;
			defaultConfigurationName = Release;
		};
		8C464F4E2222AD5400CCDC6E /* Build configuration list for PBXNativeTarget "75. 寻找峰值" */ = {
			isa = XCConfigurationList;
			buildConfigurations = (
				8C464F4F2222AD5400CCDC6E /* Debug */,
				8C464F502222AD5400CCDC6E /* Release */,
			);
			defaultConfigurationIsVisible = 0;
			defaultConfigurationName = Release;
		};
		8C464F592222B27700CCDC6E /* Build configuration list for PBXNativeTarget "104. 合并k个排序链表" */ = {
			isa = XCConfigurationList;
			buildConfigurations = (
				8C464F5A2222B27700CCDC6E /* Debug */,
				8C464F5B2222B27700CCDC6E /* Release */,
			);
			defaultConfigurationIsVisible = 0;
			defaultConfigurationName = Release;
		};
		8C464F642222F13500CCDC6E /* Build configuration list for PBXNativeTarget "107. 单词拆分 I" */ = {
			isa = XCConfigurationList;
			buildConfigurations = (
				8C464F652222F13500CCDC6E /* Debug */,
				8C464F662222F13500CCDC6E /* Release */,
			);
			defaultConfigurationIsVisible = 0;
			defaultConfigurationName = Release;
		};
		8C464F6F2223729000CCDC6E /* Build configuration list for PBXNativeTarget "109. 数字三角形" */ = {
			isa = XCConfigurationList;
			buildConfigurations = (
				8C464F702223729000CCDC6E /* Debug */,
				8C464F712223729000CCDC6E /* Release */,
			);
			defaultConfigurationIsVisible = 0;
			defaultConfigurationName = Release;
		};
		8C464F7A22237A2300CCDC6E /* Build configuration list for PBXNativeTarget "124. 最长连续序列" */ = {
			isa = XCConfigurationList;
			buildConfigurations = (
				8C464F7B22237A2300CCDC6E /* Debug */,
				8C464F7C22237A2300CCDC6E /* Release */,
			);
			defaultConfigurationIsVisible = 0;
			defaultConfigurationName = Release;
		};
		8CC06428221E62EA0031B9BB /* Build configuration list for PBXProject "LintCode-Google" */ = {
			isa = XCConfigurationList;
			buildConfigurations = (
				8CC06432221E62EA0031B9BB /* Debug */,
				8CC06433221E62EA0031B9BB /* Release */,
			);
			defaultConfigurationIsVisible = 0;
			defaultConfigurationName = Release;
		};
		8CC06434221E62EA0031B9BB /* Build configuration list for PBXNativeTarget "LintCode-Google" */ = {
			isa = XCConfigurationList;
			buildConfigurations = (
				8CC06435221E62EA0031B9BB /* Debug */,
				8CC06436221E62EA0031B9BB /* Release */,
			);
			defaultConfigurationIsVisible = 0;
			defaultConfigurationName = Release;
		};
		8CC0643F221E64CD0031B9BB /* Build configuration list for PBXNativeTarget "1289. 原子的数量" */ = {
			isa = XCConfigurationList;
			buildConfigurations = (
				8CC06440221E64CD0031B9BB /* Debug */,
				8CC06441221E64CD0031B9BB /* Release */,
			);
			defaultConfigurationIsVisible = 0;
			defaultConfigurationName = Release;
		};
		8CC06457221EC4E40031B9BB /* Build configuration list for PBXNativeTarget "657. Insert Delete GetRandom O(1)" */ = {
			isa = XCConfigurationList;
			buildConfigurations = (
				8CC06455221EC4E40031B9BB /* Debug */,
				8CC06456221EC4E40031B9BB /* Release */,
			);
			defaultConfigurationIsVisible = 0;
			defaultConfigurationName = Release;
		};
		8CC06462221ED8930031B9BB /* Build configuration list for PBXNativeTarget "914. 翻转游戏" */ = {
			isa = XCConfigurationList;
			buildConfigurations = (
				8CC06460221ED8930031B9BB /* Debug */,
				8CC06461221ED8930031B9BB /* Release */,
			);
			defaultConfigurationIsVisible = 0;
			defaultConfigurationName = Release;
		};
		8CC0646B221EDB490031B9BB /* Build configuration list for PBXNativeTarget "913. 翻转游戏II" */ = {
			isa = XCConfigurationList;
			buildConfigurations = (
				8CC0646C221EDB490031B9BB /* Debug */,
				8CC0646D221EDB490031B9BB /* Release */,
			);
			defaultConfigurationIsVisible = 0;
			defaultConfigurationName = Release;
		};
		8CC06476221EE7030031B9BB /* Build configuration list for PBXNativeTarget "564. 组合总和 IV" */ = {
			isa = XCConfigurationList;
			buildConfigurations = (
				8CC06477221EE7030031B9BB /* Debug */,
				8CC06478221EE7030031B9BB /* Release */,
			);
			defaultConfigurationIsVisible = 0;
			defaultConfigurationName = Release;
		};
		8CC06483222067690031B9BB /* Build configuration list for PBXNativeTarget "1623. 数组中的最小距离" */ = {
			isa = XCConfigurationList;
			buildConfigurations = (
				8CC06481222067690031B9BB /* Debug */,
				8CC06482222067690031B9BB /* Release */,
			);
			defaultConfigurationIsVisible = 0;
			defaultConfigurationName = Release;
		};
		8CC0648C2220708B0031B9BB /* Build configuration list for PBXNativeTarget "1201. 下一个更大的数 II" */ = {
			isa = XCConfigurationList;
			buildConfigurations = (
				8CC0648D2220708B0031B9BB /* Debug */,
				8CC0648E2220708B0031B9BB /* Release */,
			);
			defaultConfigurationIsVisible = 0;
			defaultConfigurationName = Release;
		};
		8CC269F12223AACE001EF864 /* Build configuration list for PBXNativeTarget "137. 克隆图" */ = {
			isa = XCConfigurationList;
			buildConfigurations = (
				8CC269EF2223AACE001EF864 /* Debug */,
				8CC269F02223AACE001EF864 /* Release */,
			);
			defaultConfigurationIsVisible = 0;
			defaultConfigurationName = Release;
		};
		8CC269FC2223B26E001EF864 /* Build configuration list for PBXNativeTarget "178. 图是否是树" */ = {
			isa = XCConfigurationList;
			buildConfigurations = (
				8CC269FA2223B26E001EF864 /* Debug */,
				8CC269FB2223B26E001EF864 /* Release */,
			);
			defaultConfigurationIsVisible = 0;
			defaultConfigurationName = Release;
		};
		8CC26A562225624D001EF864 /* Build configuration list for PBXNativeTarget "363. 接雨水" */ = {
			isa = XCConfigurationList;
			buildConfigurations = (
				8CC26A542225624D001EF864 /* Debug */,
				8CC26A552225624D001EF864 /* Release */,
			);
			defaultConfigurationIsVisible = 0;
			defaultConfigurationName = Release;
		};
		8CC26A5F222569CF001EF864 /* Build configuration list for PBXNativeTarget "374. 螺旋矩阵" */ = {
			isa = XCConfigurationList;
			buildConfigurations = (
				8CC26A60222569CF001EF864 /* Debug */,
				8CC26A61222569CF001EF864 /* Release */,
			);
			defaultConfigurationIsVisible = 0;
			defaultConfigurationName = Release;
		};
		8CC26A6A222571AF001EF864 /* Build configuration list for PBXNativeTarget "386. 最多有k个不同字符的最长子字符串" */ = {
			isa = XCConfigurationList;
			buildConfigurations = (
				8CC26A6B222571AF001EF864 /* Debug */,
				8CC26A6C222571AF001EF864 /* Release */,
			);
			defaultConfigurationIsVisible = 0;
			defaultConfigurationName = Release;
		};
/* End XCConfigurationList section */
	};
	rootObject = 8CC06425221E62EA0031B9BB /* Project object */;
}
