// !$*UTF8*$!
{
	archiveVersion = 1;
	classes = {
	};
	objectVersion = 50;
	objects = {

/* Begin PBXBuildFile section */
		8C66D67521292DBC00B66906 /* main.cpp in Sources */ = {isa = PBXBuildFile; fileRef = 8C66D67421292DBC00B66906 /* main.cpp */; };
		8C66D6802129315400B66906 /* main.cpp in Sources */ = {isa = PBXBuildFile; fileRef = 8C66D67F2129315400B66906 /* main.cpp */; };
		8C688D92212C320900A152A9 /* main.cpp in Sources */ = {isa = PBXBuildFile; fileRef = 8C688D91212C320900A152A9 /* main.cpp */; };
		8C688D9D212C351100A152A9 /* main.cpp in Sources */ = {isa = PBXBuildFile; fileRef = 8C688D9C212C351100A152A9 /* main.cpp */; };
		8C688DA8212C51A000A152A9 /* main.cpp in Sources */ = {isa = PBXBuildFile; fileRef = 8C688DA7212C51A000A152A9 /* main.cpp */; };
		8C688DB3212C599100A152A9 /* main.cpp in Sources */ = {isa = PBXBuildFile; fileRef = 8C688DB2212C599100A152A9 /* main.cpp */; };
		8C7A1D662128468D00D4979E /* main.cpp in Sources */ = {isa = PBXBuildFile; fileRef = 8C7A1D652128468D00D4979E /* main.cpp */; };
		8C7A1D7121286CC500D4979E /* main.cpp in Sources */ = {isa = PBXBuildFile; fileRef = 8C7A1D7021286CC500D4979E /* main.cpp */; };
		8C7C599F212D291900743358 /* main.cpp in Sources */ = {isa = PBXBuildFile; fileRef = 8C7C599E212D291900743358 /* main.cpp */; };
		8C7C59AC212D615D00743358 /* main.cpp in Sources */ = {isa = PBXBuildFile; fileRef = 8C7C59AB212D615D00743358 /* main.cpp */; };
		8C7C59B7212D653D00743358 /* main.cpp in Sources */ = {isa = PBXBuildFile; fileRef = 8C7C59B6212D653D00743358 /* main.cpp */; };
		8C7E84FC212693C500621AD4 /* main.cpp in Sources */ = {isa = PBXBuildFile; fileRef = 8C7E84FB212693C500621AD4 /* main.cpp */; };
		8C7E8507212694FD00621AD4 /* main.cpp in Sources */ = {isa = PBXBuildFile; fileRef = 8C7E8506212694FD00621AD4 /* main.cpp */; };
		8C99AC87212D100E00039647 /* main.cpp in Sources */ = {isa = PBXBuildFile; fileRef = 8C99AC86212D100E00039647 /* main.cpp */; };
		8CAE139421246D3B006BE59B /* main.cpp in Sources */ = {isa = PBXBuildFile; fileRef = 8CAE139321246D3B006BE59B /* main.cpp */; };
		8CAE13A121246EDD006BE59B /* main.cpp in Sources */ = {isa = PBXBuildFile; fileRef = 8CAE13A021246EDD006BE59B /* main.cpp */; };
		8CAE13AC2124852C006BE59B /* main.cpp in Sources */ = {isa = PBXBuildFile; fileRef = 8CAE13AB2124852C006BE59B /* main.cpp */; };
		8CAE13B721248B16006BE59B /* main.cpp in Sources */ = {isa = PBXBuildFile; fileRef = 8CAE13B621248B16006BE59B /* main.cpp */; };
		8CF7CEBA212BA7750039A307 /* main.cpp in Sources */ = {isa = PBXBuildFile; fileRef = 8CF7CEB9212BA7750039A307 /* main.cpp */; };
/* End PBXBuildFile section */

/* Begin PBXCopyFilesBuildPhase section */
		8C66D67021292DBC00B66906 /* CopyFiles */ = {
			isa = PBXCopyFilesBuildPhase;
			buildActionMask = 2147483647;
			dstPath = /usr/share/man/man1/;
			dstSubfolderSpec = 0;
			files = (
			);
			runOnlyForDeploymentPostprocessing = 1;
		};
		8C66D67B2129315400B66906 /* CopyFiles */ = {
			isa = PBXCopyFilesBuildPhase;
			buildActionMask = 2147483647;
			dstPath = /usr/share/man/man1/;
			dstSubfolderSpec = 0;
			files = (
			);
			runOnlyForDeploymentPostprocessing = 1;
		};
		8C688D8D212C320900A152A9 /* CopyFiles */ = {
			isa = PBXCopyFilesBuildPhase;
			buildActionMask = 2147483647;
			dstPath = /usr/share/man/man1/;
			dstSubfolderSpec = 0;
			files = (
			);
			runOnlyForDeploymentPostprocessing = 1;
		};
		8C688D98212C351100A152A9 /* CopyFiles */ = {
			isa = PBXCopyFilesBuildPhase;
			buildActionMask = 2147483647;
			dstPath = /usr/share/man/man1/;
			dstSubfolderSpec = 0;
			files = (
			);
			runOnlyForDeploymentPostprocessing = 1;
		};
		8C688DA3212C51A000A152A9 /* CopyFiles */ = {
			isa = PBXCopyFilesBuildPhase;
			buildActionMask = 2147483647;
			dstPath = /usr/share/man/man1/;
			dstSubfolderSpec = 0;
			files = (
			);
			runOnlyForDeploymentPostprocessing = 1;
		};
		8C688DAE212C599000A152A9 /* CopyFiles */ = {
			isa = PBXCopyFilesBuildPhase;
			buildActionMask = 2147483647;
			dstPath = /usr/share/man/man1/;
			dstSubfolderSpec = 0;
			files = (
			);
			runOnlyForDeploymentPostprocessing = 1;
		};
		8C7A1D612128468D00D4979E /* CopyFiles */ = {
			isa = PBXCopyFilesBuildPhase;
			buildActionMask = 2147483647;
			dstPath = /usr/share/man/man1/;
			dstSubfolderSpec = 0;
			files = (
			);
			runOnlyForDeploymentPostprocessing = 1;
		};
		8C7A1D6C21286CC500D4979E /* CopyFiles */ = {
			isa = PBXCopyFilesBuildPhase;
			buildActionMask = 2147483647;
			dstPath = /usr/share/man/man1/;
			dstSubfolderSpec = 0;
			files = (
			);
			runOnlyForDeploymentPostprocessing = 1;
		};
		8C7C599A212D291900743358 /* CopyFiles */ = {
			isa = PBXCopyFilesBuildPhase;
			buildActionMask = 2147483647;
			dstPath = /usr/share/man/man1/;
			dstSubfolderSpec = 0;
			files = (
			);
			runOnlyForDeploymentPostprocessing = 1;
		};
		8C7C59A7212D615C00743358 /* CopyFiles */ = {
			isa = PBXCopyFilesBuildPhase;
			buildActionMask = 2147483647;
			dstPath = /usr/share/man/man1/;
			dstSubfolderSpec = 0;
			files = (
			);
			runOnlyForDeploymentPostprocessing = 1;
		};
		8C7C59B2212D653C00743358 /* CopyFiles */ = {
			isa = PBXCopyFilesBuildPhase;
			buildActionMask = 2147483647;
			dstPath = /usr/share/man/man1/;
			dstSubfolderSpec = 0;
			files = (
			);
			runOnlyForDeploymentPostprocessing = 1;
		};
		8C7E84F7212693C500621AD4 /* CopyFiles */ = {
			isa = PBXCopyFilesBuildPhase;
			buildActionMask = 2147483647;
			dstPath = /usr/share/man/man1/;
			dstSubfolderSpec = 0;
			files = (
			);
			runOnlyForDeploymentPostprocessing = 1;
		};
		8C7E8502212694FD00621AD4 /* CopyFiles */ = {
			isa = PBXCopyFilesBuildPhase;
			buildActionMask = 2147483647;
			dstPath = /usr/share/man/man1/;
			dstSubfolderSpec = 0;
			files = (
			);
			runOnlyForDeploymentPostprocessing = 1;
		};
		8C99AC82212D100E00039647 /* CopyFiles */ = {
			isa = PBXCopyFilesBuildPhase;
			buildActionMask = 2147483647;
			dstPath = /usr/share/man/man1/;
			dstSubfolderSpec = 0;
			files = (
			);
			runOnlyForDeploymentPostprocessing = 1;
		};
		8CAE138E21246D3B006BE59B /* CopyFiles */ = {
			isa = PBXCopyFilesBuildPhase;
			buildActionMask = 2147483647;
			dstPath = /usr/share/man/man1/;
			dstSubfolderSpec = 0;
			files = (
			);
			runOnlyForDeploymentPostprocessing = 1;
		};
		8CAE139C21246EDD006BE59B /* CopyFiles */ = {
			isa = PBXCopyFilesBuildPhase;
			buildActionMask = 2147483647;
			dstPath = /usr/share/man/man1/;
			dstSubfolderSpec = 0;
			files = (
			);
			runOnlyForDeploymentPostprocessing = 1;
		};
		8CAE13A72124852C006BE59B /* CopyFiles */ = {
			isa = PBXCopyFilesBuildPhase;
			buildActionMask = 2147483647;
			dstPath = /usr/share/man/man1/;
			dstSubfolderSpec = 0;
			files = (
			);
			runOnlyForDeploymentPostprocessing = 1;
		};
		8CAE13B221248B16006BE59B /* CopyFiles */ = {
			isa = PBXCopyFilesBuildPhase;
			buildActionMask = 2147483647;
			dstPath = /usr/share/man/man1/;
			dstSubfolderSpec = 0;
			files = (
			);
			runOnlyForDeploymentPostprocessing = 1;
		};
		8CF7CEB5212BA7750039A307 /* CopyFiles */ = {
			isa = PBXCopyFilesBuildPhase;
			buildActionMask = 2147483647;
			dstPath = /usr/share/man/man1/;
			dstSubfolderSpec = 0;
			files = (
			);
			runOnlyForDeploymentPostprocessing = 1;
		};
/* End PBXCopyFilesBuildPhase section */

/* Begin PBXFileReference section */
		8C66D67221292DBC00B66906 /* 540. 左旋右旋迭代器 */ = {isa = PBXFileReference; explicitFileType = "compiled.mach-o.executable"; includeInIndex = 0; path = "540. 左旋右旋迭代器"; sourceTree = BUILT_PRODUCTS_DIR; };
		8C66D67421292DBC00B66906 /* main.cpp */ = {isa = PBXFileReference; lastKnownFileType = sourcecode.cpp.cpp; path = main.cpp; sourceTree = "<group>"; };
		8C66D67D2129315400B66906 /* 541. 左旋右旋迭代器 II */ = {isa = PBXFileReference; explicitFileType = "compiled.mach-o.executable"; includeInIndex = 0; path = "541. 左旋右旋迭代器 II"; sourceTree = BUILT_PRODUCTS_DIR; };
		8C66D67F2129315400B66906 /* main.cpp */ = {isa = PBXFileReference; lastKnownFileType = sourcecode.cpp.cpp; path = main.cpp; sourceTree = "<group>"; };
		8C688D8F212C320900A152A9 /* 615. 课程表 */ = {isa = PBXFileReference; explicitFileType = "compiled.mach-o.executable"; includeInIndex = 0; path = "615. 课程表"; sourceTree = BUILT_PRODUCTS_DIR; };
		8C688D91212C320900A152A9 /* main.cpp */ = {isa = PBXFileReference; lastKnownFileType = sourcecode.cpp.cpp; path = main.cpp; sourceTree = "<group>"; };
		8C688D9A212C351100A152A9 /* 616. 安排课程 */ = {isa = PBXFileReference; explicitFileType = "compiled.mach-o.executable"; includeInIndex = 0; path = "616. 安排课程"; sourceTree = BUILT_PRODUCTS_DIR; };
		8C688D9C212C351100A152A9 /* main.cpp */ = {isa = PBXFileReference; lastKnownFileType = sourcecode.cpp.cpp; path = main.cpp; sourceTree = "<group>"; };
		8C688DA5212C51A000A152A9 /* 380. 两个链表的交叉 */ = {isa = PBXFileReference; explicitFileType = "compiled.mach-o.executable"; includeInIndex = 0; path = "380. 两个链表的交叉"; sourceTree = BUILT_PRODUCTS_DIR; };
		8C688DA7212C51A000A152A9 /* main.cpp */ = {isa = PBXFileReference; lastKnownFileType = sourcecode.cpp.cpp; path = main.cpp; sourceTree = "<group>"; };
		8C688DB0212C599000A152A9 /* 392. 打劫房屋 */ = {isa = PBXFileReference; explicitFileType = "compiled.mach-o.executable"; includeInIndex = 0; path = "392. 打劫房屋"; sourceTree = BUILT_PRODUCTS_DIR; };
		8C688DB2212C599100A152A9 /* main.cpp */ = {isa = PBXFileReference; lastKnownFileType = sourcecode.cpp.cpp; path = main.cpp; sourceTree = "<group>"; };
		8C7A1D632128468D00D4979E /* 442. 实现 Trie（前缀树） */ = {isa = PBXFileReference; explicitFileType = "compiled.mach-o.executable"; includeInIndex = 0; path = "442. 实现 Trie（前缀树）"; sourceTree = BUILT_PRODUCTS_DIR; };
		8C7A1D652128468D00D4979E /* main.cpp */ = {isa = PBXFileReference; lastKnownFileType = sourcecode.cpp.cpp; path = main.cpp; sourceTree = "<group>"; };
		8C7A1D6E21286CC500D4979E /* 134. LRU缓存策略 */ = {isa = PBXFileReference; explicitFileType = "compiled.mach-o.executable"; includeInIndex = 0; path = "134. LRU缓存策略"; sourceTree = BUILT_PRODUCTS_DIR; };
		8C7A1D7021286CC500D4979E /* main.cpp */ = {isa = PBXFileReference; lastKnownFileType = sourcecode.cpp.cpp; path = main.cpp; sourceTree = "<group>"; };
		8C7C599C212D291900743358 /* 436. 最大正方形 */ = {isa = PBXFileReference; explicitFileType = "compiled.mach-o.executable"; includeInIndex = 0; path = "436. 最大正方形"; sourceTree = BUILT_PRODUCTS_DIR; };
		8C7C599E212D291900743358 /* main.cpp */ = {isa = PBXFileReference; lastKnownFileType = sourcecode.cpp.cpp; path = main.cpp; sourceTree = "<group>"; };
		8C7C59A9212D615C00743358 /* 978. Basic Calculator */ = {isa = PBXFileReference; explicitFileType = "compiled.mach-o.executable"; includeInIndex = 0; path = "978. Basic Calculator"; sourceTree = BUILT_PRODUCTS_DIR; };
		8C7C59AB212D615D00743358 /* main.cpp */ = {isa = PBXFileReference; lastKnownFileType = sourcecode.cpp.cpp; path = main.cpp; sourceTree = "<group>"; };
		8C7C59B4212D653C00743358 /* 980. Basic Calculator II */ = {isa = PBXFileReference; explicitFileType = "compiled.mach-o.executable"; includeInIndex = 0; path = "980. Basic Calculator II"; sourceTree = BUILT_PRODUCTS_DIR; };
		8C7C59B6212D653D00743358 /* main.cpp */ = {isa = PBXFileReference; lastKnownFileType = sourcecode.cpp.cpp; path = main.cpp; sourceTree = "<group>"; };
		8C7E84F9212693C500621AD4 /* 132. 单词搜索 II */ = {isa = PBXFileReference; explicitFileType = "compiled.mach-o.executable"; includeInIndex = 0; path = "132. 单词搜索 II"; sourceTree = BUILT_PRODUCTS_DIR; };
		8C7E84FB212693C500621AD4 /* main.cpp */ = {isa = PBXFileReference; lastKnownFileType = sourcecode.cpp.cpp; path = main.cpp; sourceTree = "<group>"; };
		8C7E8504212694FD00621AD4 /* 123. 单词搜索 */ = {isa = PBXFileReference; explicitFileType = "compiled.mach-o.executable"; includeInIndex = 0; path = "123. 单词搜索"; sourceTree = BUILT_PRODUCTS_DIR; };
		8C7E8506212694FD00621AD4 /* main.cpp */ = {isa = PBXFileReference; lastKnownFileType = sourcecode.cpp.cpp; path = main.cpp; sourceTree = "<group>"; };
		8C99AC84212D100E00039647 /* 363. 接雨水 */ = {isa = PBXFileReference; explicitFileType = "compiled.mach-o.executable"; includeInIndex = 0; path = "363. 接雨水"; sourceTree = BUILT_PRODUCTS_DIR; };
		8C99AC86212D100E00039647 /* main.cpp */ = {isa = PBXFileReference; lastKnownFileType = sourcecode.cpp.cpp; path = main.cpp; sourceTree = "<group>"; };
		8CAE139021246D3B006BE59B /* LintCode-Airbnb */ = {isa = PBXFileReference; explicitFileType = "compiled.mach-o.executable"; includeInIndex = 0; path = "LintCode-Airbnb"; sourceTree = BUILT_PRODUCTS_DIR; };
		8CAE139321246D3B006BE59B /* main.cpp */ = {isa = PBXFileReference; lastKnownFileType = sourcecode.cpp.cpp; path = main.cpp; sourceTree = "<group>"; };
		8CAE139E21246EDD006BE59B /* 56. 两数之和 */ = {isa = PBXFileReference; explicitFileType = "compiled.mach-o.executable"; includeInIndex = 0; path = "56. 两数之和"; sourceTree = BUILT_PRODUCTS_DIR; };
		8CAE13A021246EDD006BE59B /* main.cpp */ = {isa = PBXFileReference; lastKnownFileType = sourcecode.cpp.cpp; path = main.cpp; sourceTree = "<group>"; };
		8CAE13A92124852C006BE59B /* 82. 落单的数 */ = {isa = PBXFileReference; explicitFileType = "compiled.mach-o.executable"; includeInIndex = 0; path = "82. 落单的数"; sourceTree = BUILT_PRODUCTS_DIR; };
		8CAE13AB2124852C006BE59B /* main.cpp */ = {isa = PBXFileReference; lastKnownFileType = sourcecode.cpp.cpp; path = main.cpp; sourceTree = "<group>"; };
		8CAE13B421248B16006BE59B /* 104. Merge K Sorted Lists */ = {isa = PBXFileReference; explicitFileType = "compiled.mach-o.executable"; includeInIndex = 0; path = "104. Merge K Sorted Lists"; sourceTree = BUILT_PRODUCTS_DIR; };
		8CAE13B621248B16006BE59B /* main.cpp */ = {isa = PBXFileReference; lastKnownFileType = sourcecode.cpp.cpp; path = main.cpp; sourceTree = "<group>"; };
		8CF7CEB7212BA7750039A307 /* 127. 拓扑排序 */ = {isa = PBXFileReference; explicitFileType = "compiled.mach-o.executable"; includeInIndex = 0; path = "127. 拓扑排序"; sourceTree = BUILT_PRODUCTS_DIR; };
		8CF7CEB9212BA7750039A307 /* main.cpp */ = {isa = PBXFileReference; lastKnownFileType = sourcecode.cpp.cpp; path = main.cpp; sourceTree = "<group>"; };
/* End PBXFileReference section */

/* Begin PBXFrameworksBuildPhase section */
		8C66D66F21292DBC00B66906 /* Frameworks */ = {
			isa = PBXFrameworksBuildPhase;
			buildActionMask = 2147483647;
			files = (
			);
			runOnlyForDeploymentPostprocessing = 0;
		};
		8C66D67A2129315400B66906 /* Frameworks */ = {
			isa = PBXFrameworksBuildPhase;
			buildActionMask = 2147483647;
			files = (
			);
			runOnlyForDeploymentPostprocessing = 0;
		};
		8C688D8C212C320900A152A9 /* Frameworks */ = {
			isa = PBXFrameworksBuildPhase;
			buildActionMask = 2147483647;
			files = (
			);
			runOnlyForDeploymentPostprocessing = 0;
		};
		8C688D97212C351100A152A9 /* Frameworks */ = {
			isa = PBXFrameworksBuildPhase;
			buildActionMask = 2147483647;
			files = (
			);
			runOnlyForDeploymentPostprocessing = 0;
		};
		8C688DA2212C51A000A152A9 /* Frameworks */ = {
			isa = PBXFrameworksBuildPhase;
			buildActionMask = 2147483647;
			files = (
			);
			runOnlyForDeploymentPostprocessing = 0;
		};
		8C688DAD212C599000A152A9 /* Frameworks */ = {
			isa = PBXFrameworksBuildPhase;
			buildActionMask = 2147483647;
			files = (
			);
			runOnlyForDeploymentPostprocessing = 0;
		};
		8C7A1D602128468D00D4979E /* Frameworks */ = {
			isa = PBXFrameworksBuildPhase;
			buildActionMask = 2147483647;
			files = (
			);
			runOnlyForDeploymentPostprocessing = 0;
		};
		8C7A1D6B21286CC500D4979E /* Frameworks */ = {
			isa = PBXFrameworksBuildPhase;
			buildActionMask = 2147483647;
			files = (
			);
			runOnlyForDeploymentPostprocessing = 0;
		};
		8C7C5999212D291900743358 /* Frameworks */ = {
			isa = PBXFrameworksBuildPhase;
			buildActionMask = 2147483647;
			files = (
			);
			runOnlyForDeploymentPostprocessing = 0;
		};
		8C7C59A6212D615C00743358 /* Frameworks */ = {
			isa = PBXFrameworksBuildPhase;
			buildActionMask = 2147483647;
			files = (
			);
			runOnlyForDeploymentPostprocessing = 0;
		};
		8C7C59B1212D653C00743358 /* Frameworks */ = {
			isa = PBXFrameworksBuildPhase;
			buildActionMask = 2147483647;
			files = (
			);
			runOnlyForDeploymentPostprocessing = 0;
		};
		8C7E84F6212693C500621AD4 /* Frameworks */ = {
			isa = PBXFrameworksBuildPhase;
			buildActionMask = 2147483647;
			files = (
			);
			runOnlyForDeploymentPostprocessing = 0;
		};
		8C7E8501212694FD00621AD4 /* Frameworks */ = {
			isa = PBXFrameworksBuildPhase;
			buildActionMask = 2147483647;
			files = (
			);
			runOnlyForDeploymentPostprocessing = 0;
		};
		8C99AC81212D100E00039647 /* Frameworks */ = {
			isa = PBXFrameworksBuildPhase;
			buildActionMask = 2147483647;
			files = (
			);
			runOnlyForDeploymentPostprocessing = 0;
		};
		8CAE138D21246D3B006BE59B /* Frameworks */ = {
			isa = PBXFrameworksBuildPhase;
			buildActionMask = 2147483647;
			files = (
			);
			runOnlyForDeploymentPostprocessing = 0;
		};
		8CAE139B21246EDD006BE59B /* Frameworks */ = {
			isa = PBXFrameworksBuildPhase;
			buildActionMask = 2147483647;
			files = (
			);
			runOnlyForDeploymentPostprocessing = 0;
		};
		8CAE13A62124852C006BE59B /* Frameworks */ = {
			isa = PBXFrameworksBuildPhase;
			buildActionMask = 2147483647;
			files = (
			);
			runOnlyForDeploymentPostprocessing = 0;
		};
		8CAE13B121248B16006BE59B /* Frameworks */ = {
			isa = PBXFrameworksBuildPhase;
			buildActionMask = 2147483647;
			files = (
			);
			runOnlyForDeploymentPostprocessing = 0;
		};
		8CF7CEB4212BA7750039A307 /* Frameworks */ = {
			isa = PBXFrameworksBuildPhase;
			buildActionMask = 2147483647;
			files = (
			);
			runOnlyForDeploymentPostprocessing = 0;
		};
/* End PBXFrameworksBuildPhase section */

/* Begin PBXGroup section */
		8C66D67321292DBC00B66906 /* 540. 左旋右旋迭代器 */ = {
			isa = PBXGroup;
			children = (
				8C66D67421292DBC00B66906 /* main.cpp */,
			);
			path = "540. 左旋右旋迭代器";
			sourceTree = "<group>";
		};
		8C66D67E2129315400B66906 /* 541. 左旋右旋迭代器 II */ = {
			isa = PBXGroup;
			children = (
				8C66D67F2129315400B66906 /* main.cpp */,
			);
			path = "541. 左旋右旋迭代器 II";
			sourceTree = "<group>";
		};
		8C688D90212C320900A152A9 /* 615. 课程表 */ = {
			isa = PBXGroup;
			children = (
				8C688D91212C320900A152A9 /* main.cpp */,
			);
			path = "615. 课程表";
			sourceTree = "<group>";
		};
		8C688D9B212C351100A152A9 /* 616. 安排课程 */ = {
			isa = PBXGroup;
			children = (
				8C688D9C212C351100A152A9 /* main.cpp */,
			);
			path = "616. 安排课程";
			sourceTree = "<group>";
		};
		8C688DA6212C51A000A152A9 /* 380. 两个链表的交叉 */ = {
			isa = PBXGroup;
			children = (
				8C688DA7212C51A000A152A9 /* main.cpp */,
			);
			path = "380. 两个链表的交叉";
			sourceTree = "<group>";
		};
		8C688DB1212C599100A152A9 /* 392. 打劫房屋 */ = {
			isa = PBXGroup;
			children = (
				8C688DB2212C599100A152A9 /* main.cpp */,
			);
			path = "392. 打劫房屋";
			sourceTree = "<group>";
		};
		8C7A1D642128468D00D4979E /* 442. 实现 Trie（前缀树） */ = {
			isa = PBXGroup;
			children = (
				8C7A1D652128468D00D4979E /* main.cpp */,
			);
			path = "442. 实现 Trie（前缀树）";
			sourceTree = "<group>";
		};
		8C7A1D6F21286CC500D4979E /* 134. LRU缓存策略 */ = {
			isa = PBXGroup;
			children = (
				8C7A1D7021286CC500D4979E /* main.cpp */,
			);
			path = "134. LRU缓存策略";
			sourceTree = "<group>";
		};
		8C7C599D212D291900743358 /* 436. 最大正方形 */ = {
			isa = PBXGroup;
			children = (
				8C7C599E212D291900743358 /* main.cpp */,
			);
			path = "436. 最大正方形";
			sourceTree = "<group>";
		};
		8C7C59AA212D615D00743358 /* 978. Basic Calculator */ = {
			isa = PBXGroup;
			children = (
				8C7C59AB212D615D00743358 /* main.cpp */,
			);
			path = "978. Basic Calculator";
			sourceTree = "<group>";
		};
		8C7C59B5212D653D00743358 /* 980. Basic Calculator II */ = {
			isa = PBXGroup;
			children = (
				8C7C59B6212D653D00743358 /* main.cpp */,
			);
			path = "980. Basic Calculator II";
			sourceTree = "<group>";
		};
		8C7E84FA212693C500621AD4 /* 132. 单词搜索 II */ = {
			isa = PBXGroup;
			children = (
				8C7E84FB212693C500621AD4 /* main.cpp */,
			);
			path = "132. 单词搜索 II";
			sourceTree = "<group>";
		};
		8C7E8505212694FD00621AD4 /* 123. 单词搜索 */ = {
			isa = PBXGroup;
			children = (
				8C7E8506212694FD00621AD4 /* main.cpp */,
			);
			path = "123. 单词搜索";
			sourceTree = "<group>";
		};
		8C99AC85212D100E00039647 /* 363. 接雨水 */ = {
			isa = PBXGroup;
			children = (
				8C99AC86212D100E00039647 /* main.cpp */,
			);
			path = "363. 接雨水";
			sourceTree = "<group>";
		};
		8CAE138721246D3B006BE59B = {
			isa = PBXGroup;
			children = (
				8CAE139221246D3B006BE59B /* LintCode-Airbnb */,
				8CAE139F21246EDD006BE59B /* 56. 两数之和 */,
				8CAE13AA2124852C006BE59B /* 82. 落单的数 */,
				8CAE13B521248B16006BE59B /* 104. Merge K Sorted Lists */,
				8C7E8505212694FD00621AD4 /* 123. 单词搜索 */,
				8C7E84FA212693C500621AD4 /* 132. 单词搜索 II */,
				8C7A1D642128468D00D4979E /* 442. 实现 Trie（前缀树） */,
				8C7A1D6F21286CC500D4979E /* 134. LRU缓存策略 */,
				8C66D67321292DBC00B66906 /* 540. 左旋右旋迭代器 */,
				8C66D67E2129315400B66906 /* 541. 左旋右旋迭代器 II */,
				8CF7CEB8212BA7750039A307 /* 127. 拓扑排序 */,
				8C688D90212C320900A152A9 /* 615. 课程表 */,
				8C688D9B212C351100A152A9 /* 616. 安排课程 */,
				8C688DA6212C51A000A152A9 /* 380. 两个链表的交叉 */,
				8C688DB1212C599100A152A9 /* 392. 打劫房屋 */,
				8C99AC85212D100E00039647 /* 363. 接雨水 */,
				8C7C599D212D291900743358 /* 436. 最大正方形 */,
				8C7C59AA212D615D00743358 /* 978. Basic Calculator */,
				8C7C59B5212D653D00743358 /* 980. Basic Calculator II */,
				8CAE139121246D3B006BE59B /* Products */,
			);
			sourceTree = "<group>";
		};
		8CAE139121246D3B006BE59B /* Products */ = {
			isa = PBXGroup;
			children = (
				8CAE139021246D3B006BE59B /* LintCode-Airbnb */,
				8CAE139E21246EDD006BE59B /* 56. 两数之和 */,
				8CAE13A92124852C006BE59B /* 82. 落单的数 */,
				8CAE13B421248B16006BE59B /* 104. Merge K Sorted Lists */,
				8C7E84F9212693C500621AD4 /* 132. 单词搜索 II */,
				8C7E8504212694FD00621AD4 /* 123. 单词搜索 */,
				8C7A1D632128468D00D4979E /* 442. 实现 Trie（前缀树） */,
				8C7A1D6E21286CC500D4979E /* 134. LRU缓存策略 */,
				8C66D67221292DBC00B66906 /* 540. 左旋右旋迭代器 */,
				8C66D67D2129315400B66906 /* 541. 左旋右旋迭代器 II */,
				8CF7CEB7212BA7750039A307 /* 127. 拓扑排序 */,
				8C688D8F212C320900A152A9 /* 615. 课程表 */,
				8C688D9A212C351100A152A9 /* 616. 安排课程 */,
				8C688DA5212C51A000A152A9 /* 380. 两个链表的交叉 */,
				8C688DB0212C599000A152A9 /* 392. 打劫房屋 */,
				8C99AC84212D100E00039647 /* 363. 接雨水 */,
				8C7C599C212D291900743358 /* 436. 最大正方形 */,
				8C7C59A9212D615C00743358 /* 978. Basic Calculator */,
				8C7C59B4212D653C00743358 /* 980. Basic Calculator II */,
			);
			name = Products;
			sourceTree = "<group>";
		};
		8CAE139221246D3B006BE59B /* LintCode-Airbnb */ = {
			isa = PBXGroup;
			children = (
				8CAE139321246D3B006BE59B /* main.cpp */,
			);
			path = "LintCode-Airbnb";
			sourceTree = "<group>";
		};
		8CAE139F21246EDD006BE59B /* 56. 两数之和 */ = {
			isa = PBXGroup;
			children = (
				8CAE13A021246EDD006BE59B /* main.cpp */,
			);
			path = "56. 两数之和";
			sourceTree = "<group>";
		};
		8CAE13AA2124852C006BE59B /* 82. 落单的数 */ = {
			isa = PBXGroup;
			children = (
				8CAE13AB2124852C006BE59B /* main.cpp */,
			);
			path = "82. 落单的数";
			sourceTree = "<group>";
		};
		8CAE13B521248B16006BE59B /* 104. Merge K Sorted Lists */ = {
			isa = PBXGroup;
			children = (
				8CAE13B621248B16006BE59B /* main.cpp */,
			);
			path = "104. Merge K Sorted Lists";
			sourceTree = "<group>";
		};
		8CF7CEB8212BA7750039A307 /* 127. 拓扑排序 */ = {
			isa = PBXGroup;
			children = (
				8CF7CEB9212BA7750039A307 /* main.cpp */,
			);
			path = "127. 拓扑排序";
			sourceTree = "<group>";
		};
/* End PBXGroup section */

/* Begin PBXNativeTarget section */
		8C66D67121292DBC00B66906 /* 540. 左旋右旋迭代器 */ = {
			isa = PBXNativeTarget;
			buildConfigurationList = 8C66D67821292DBC00B66906 /* Build configuration list for PBXNativeTarget "540. 左旋右旋迭代器" */;
			buildPhases = (
				8C66D66E21292DBC00B66906 /* Sources */,
				8C66D66F21292DBC00B66906 /* Frameworks */,
				8C66D67021292DBC00B66906 /* CopyFiles */,
			);
			buildRules = (
			);
			dependencies = (
			);
			name = "540. 左旋右旋迭代器";
			productName = "540. 左旋右旋迭代器";
			productReference = 8C66D67221292DBC00B66906 /* 540. 左旋右旋迭代器 */;
			productType = "com.apple.product-type.tool";
		};
		8C66D67C2129315400B66906 /* 541. 左旋右旋迭代器 II */ = {
			isa = PBXNativeTarget;
			buildConfigurationList = 8C66D6832129315400B66906 /* Build configuration list for PBXNativeTarget "541. 左旋右旋迭代器 II" */;
			buildPhases = (
				8C66D6792129315400B66906 /* Sources */,
				8C66D67A2129315400B66906 /* Frameworks */,
				8C66D67B2129315400B66906 /* CopyFiles */,
			);
			buildRules = (
			);
			dependencies = (
			);
			name = "541. 左旋右旋迭代器 II";
			productName = "541. 左旋右旋迭代器 II";
			productReference = 8C66D67D2129315400B66906 /* 541. 左旋右旋迭代器 II */;
			productType = "com.apple.product-type.tool";
		};
		8C688D8E212C320900A152A9 /* 615. 课程表 */ = {
			isa = PBXNativeTarget;
			buildConfigurationList = 8C688D95212C320900A152A9 /* Build configuration list for PBXNativeTarget "615. 课程表" */;
			buildPhases = (
				8C688D8B212C320900A152A9 /* Sources */,
				8C688D8C212C320900A152A9 /* Frameworks */,
				8C688D8D212C320900A152A9 /* CopyFiles */,
			);
			buildRules = (
			);
			dependencies = (
			);
			name = "615. 课程表";
			productName = "615. 课程表";
			productReference = 8C688D8F212C320900A152A9 /* 615. 课程表 */;
			productType = "com.apple.product-type.tool";
		};
		8C688D99212C351100A152A9 /* 616. 安排课程 */ = {
			isa = PBXNativeTarget;
			buildConfigurationList = 8C688D9E212C351100A152A9 /* Build configuration list for PBXNativeTarget "616. 安排课程" */;
			buildPhases = (
				8C688D96212C351100A152A9 /* Sources */,
				8C688D97212C351100A152A9 /* Frameworks */,
				8C688D98212C351100A152A9 /* CopyFiles */,
			);
			buildRules = (
			);
			dependencies = (
			);
			name = "616. 安排课程";
			productName = "616. 安排课程";
			productReference = 8C688D9A212C351100A152A9 /* 616. 安排课程 */;
			productType = "com.apple.product-type.tool";
		};
		8C688DA4212C51A000A152A9 /* 380. 两个链表的交叉 */ = {
			isa = PBXNativeTarget;
			buildConfigurationList = 8C688DA9212C51A000A152A9 /* Build configuration list for PBXNativeTarget "380. 两个链表的交叉" */;
			buildPhases = (
				8C688DA1212C51A000A152A9 /* Sources */,
				8C688DA2212C51A000A152A9 /* Frameworks */,
				8C688DA3212C51A000A152A9 /* CopyFiles */,
			);
			buildRules = (
			);
			dependencies = (
			);
			name = "380. 两个链表的交叉";
			productName = "380. 两个链表的交叉";
			productReference = 8C688DA5212C51A000A152A9 /* 380. 两个链表的交叉 */;
			productType = "com.apple.product-type.tool";
		};
		8C688DAF212C599000A152A9 /* 392. 打劫房屋 */ = {
			isa = PBXNativeTarget;
			buildConfigurationList = 8C688DB4212C599100A152A9 /* Build configuration list for PBXNativeTarget "392. 打劫房屋" */;
			buildPhases = (
				8C688DAC212C599000A152A9 /* Sources */,
				8C688DAD212C599000A152A9 /* Frameworks */,
				8C688DAE212C599000A152A9 /* CopyFiles */,
			);
			buildRules = (
			);
			dependencies = (
			);
			name = "392. 打劫房屋";
			productName = "392. 打劫房屋";
			productReference = 8C688DB0212C599000A152A9 /* 392. 打劫房屋 */;
			productType = "com.apple.product-type.tool";
		};
		8C7A1D622128468D00D4979E /* 442. 实现 Trie（前缀树） */ = {
			isa = PBXNativeTarget;
			buildConfigurationList = 8C7A1D692128468D00D4979E /* Build configuration list for PBXNativeTarget "442. 实现 Trie（前缀树）" */;
			buildPhases = (
				8C7A1D5F2128468D00D4979E /* Sources */,
				8C7A1D602128468D00D4979E /* Frameworks */,
				8C7A1D612128468D00D4979E /* CopyFiles */,
			);
			buildRules = (
			);
			dependencies = (
			);
			name = "442. 实现 Trie（前缀树）";
			productName = "442. 实现 Trie（前缀树）";
			productReference = 8C7A1D632128468D00D4979E /* 442. 实现 Trie（前缀树） */;
			productType = "com.apple.product-type.tool";
		};
		8C7A1D6D21286CC500D4979E /* 134. LRU缓存策略 */ = {
			isa = PBXNativeTarget;
			buildConfigurationList = 8C7A1D7421286CC500D4979E /* Build configuration list for PBXNativeTarget "134. LRU缓存策略" */;
			buildPhases = (
				8C7A1D6A21286CC500D4979E /* Sources */,
				8C7A1D6B21286CC500D4979E /* Frameworks */,
				8C7A1D6C21286CC500D4979E /* CopyFiles */,
			);
			buildRules = (
			);
			dependencies = (
			);
			name = "134. LRU缓存策略";
			productName = "134. LRU缓存策略";
			productReference = 8C7A1D6E21286CC500D4979E /* 134. LRU缓存策略 */;
			productType = "com.apple.product-type.tool";
		};
		8C7C599B212D291900743358 /* 436. 最大正方形 */ = {
			isa = PBXNativeTarget;
			buildConfigurationList = 8C7C59A2212D291900743358 /* Build configuration list for PBXNativeTarget "436. 最大正方形" */;
			buildPhases = (
				8C7C5998212D291900743358 /* Sources */,
				8C7C5999212D291900743358 /* Frameworks */,
				8C7C599A212D291900743358 /* CopyFiles */,
			);
			buildRules = (
			);
			dependencies = (
			);
			name = "436. 最大正方形";
			productName = "436. 最大正方形";
			productReference = 8C7C599C212D291900743358 /* 436. 最大正方形 */;
			productType = "com.apple.product-type.tool";
		};
		8C7C59A8212D615C00743358 /* 978. Basic Calculator */ = {
			isa = PBXNativeTarget;
			buildConfigurationList = 8C7C59AF212D615D00743358 /* Build configuration list for PBXNativeTarget "978. Basic Calculator" */;
			buildPhases = (
				8C7C59A5212D615C00743358 /* Sources */,
				8C7C59A6212D615C00743358 /* Frameworks */,
				8C7C59A7212D615C00743358 /* CopyFiles */,
			);
			buildRules = (
			);
			dependencies = (
			);
			name = "978. Basic Calculator";
			productName = "978. Basic Calculator";
			productReference = 8C7C59A9212D615C00743358 /* 978. Basic Calculator */;
			productType = "com.apple.product-type.tool";
		};
		8C7C59B3212D653C00743358 /* 980. Basic Calculator II */ = {
			isa = PBXNativeTarget;
			buildConfigurationList = 8C7C59B8212D653D00743358 /* Build configuration list for PBXNativeTarget "980. Basic Calculator II" */;
			buildPhases = (
				8C7C59B0212D653C00743358 /* Sources */,
				8C7C59B1212D653C00743358 /* Frameworks */,
				8C7C59B2212D653C00743358 /* CopyFiles */,
			);
			buildRules = (
			);
			dependencies = (
			);
			name = "980. Basic Calculator II";
			productName = "980. Basic Calculator II";
			productReference = 8C7C59B4212D653C00743358 /* 980. Basic Calculator II */;
			productType = "com.apple.product-type.tool";
		};
		8C7E84F8212693C500621AD4 /* 132. 单词搜索 II */ = {
			isa = PBXNativeTarget;
			buildConfigurationList = 8C7E84FF212693C500621AD4 /* Build configuration list for PBXNativeTarget "132. 单词搜索 II" */;
			buildPhases = (
				8C7E84F5212693C500621AD4 /* Sources */,
				8C7E84F6212693C500621AD4 /* Frameworks */,
				8C7E84F7212693C500621AD4 /* CopyFiles */,
			);
			buildRules = (
			);
			dependencies = (
			);
			name = "132. 单词搜索 II";
			productName = "132. 单词搜索 II";
			productReference = 8C7E84F9212693C500621AD4 /* 132. 单词搜索 II */;
			productType = "com.apple.product-type.tool";
		};
		8C7E8503212694FD00621AD4 /* 123. 单词搜索 */ = {
			isa = PBXNativeTarget;
			buildConfigurationList = 8C7E8508212694FD00621AD4 /* Build configuration list for PBXNativeTarget "123. 单词搜索" */;
			buildPhases = (
				8C7E8500212694FD00621AD4 /* Sources */,
				8C7E8501212694FD00621AD4 /* Frameworks */,
				8C7E8502212694FD00621AD4 /* CopyFiles */,
			);
			buildRules = (
			);
			dependencies = (
			);
			name = "123. 单词搜索";
			productName = "123. 单词搜索";
			productReference = 8C7E8504212694FD00621AD4 /* 123. 单词搜索 */;
			productType = "com.apple.product-type.tool";
		};
		8C99AC83212D100E00039647 /* 363. 接雨水 */ = {
			isa = PBXNativeTarget;
			buildConfigurationList = 8C99AC8A212D100E00039647 /* Build configuration list for PBXNativeTarget "363. 接雨水" */;
			buildPhases = (
				8C99AC80212D100E00039647 /* Sources */,
				8C99AC81212D100E00039647 /* Frameworks */,
				8C99AC82212D100E00039647 /* CopyFiles */,
			);
			buildRules = (
			);
			dependencies = (
			);
			name = "363. 接雨水";
			productName = "363. 接雨水";
			productReference = 8C99AC84212D100E00039647 /* 363. 接雨水 */;
			productType = "com.apple.product-type.tool";
		};
		8CAE138F21246D3B006BE59B /* LintCode-Airbnb */ = {
			isa = PBXNativeTarget;
			buildConfigurationList = 8CAE139721246D3B006BE59B /* Build configuration list for PBXNativeTarget "LintCode-Airbnb" */;
			buildPhases = (
				8CAE138C21246D3B006BE59B /* Sources */,
				8CAE138D21246D3B006BE59B /* Frameworks */,
				8CAE138E21246D3B006BE59B /* CopyFiles */,
			);
			buildRules = (
			);
			dependencies = (
			);
			name = "LintCode-Airbnb";
			productName = "LintCode-Airbnb";
			productReference = 8CAE139021246D3B006BE59B /* LintCode-Airbnb */;
			productType = "com.apple.product-type.tool";
		};
		8CAE139D21246EDD006BE59B /* 56. 两数之和 */ = {
			isa = PBXNativeTarget;
			buildConfigurationList = 8CAE13A221246EDD006BE59B /* Build configuration list for PBXNativeTarget "56. 两数之和" */;
			buildPhases = (
				8CAE139A21246EDD006BE59B /* Sources */,
				8CAE139B21246EDD006BE59B /* Frameworks */,
				8CAE139C21246EDD006BE59B /* CopyFiles */,
			);
			buildRules = (
			);
			dependencies = (
			);
			name = "56. 两数之和";
			productName = "56. 两数之和";
			productReference = 8CAE139E21246EDD006BE59B /* 56. 两数之和 */;
			productType = "com.apple.product-type.tool";
		};
		8CAE13A82124852C006BE59B /* 82. 落单的数 */ = {
			isa = PBXNativeTarget;
			buildConfigurationList = 8CAE13AD2124852C006BE59B /* Build configuration list for PBXNativeTarget "82. 落单的数" */;
			buildPhases = (
				8CAE13A52124852C006BE59B /* Sources */,
				8CAE13A62124852C006BE59B /* Frameworks */,
				8CAE13A72124852C006BE59B /* CopyFiles */,
			);
			buildRules = (
			);
			dependencies = (
			);
			name = "82. 落单的数";
			productName = "82. 落单的数";
			productReference = 8CAE13A92124852C006BE59B /* 82. 落单的数 */;
			productType = "com.apple.product-type.tool";
		};
		8CAE13B321248B16006BE59B /* 104. Merge K Sorted Lists */ = {
			isa = PBXNativeTarget;
			buildConfigurationList = 8CAE13B821248B16006BE59B /* Build configuration list for PBXNativeTarget "104. Merge K Sorted Lists" */;
			buildPhases = (
				8CAE13B021248B16006BE59B /* Sources */,
				8CAE13B121248B16006BE59B /* Frameworks */,
				8CAE13B221248B16006BE59B /* CopyFiles */,
			);
			buildRules = (
			);
			dependencies = (
			);
			name = "104. Merge K Sorted Lists";
			productName = "104. Merge K Sorted Lists";
			productReference = 8CAE13B421248B16006BE59B /* 104. Merge K Sorted Lists */;
			productType = "com.apple.product-type.tool";
		};
		8CF7CEB6212BA7750039A307 /* 127. 拓扑排序 */ = {
			isa = PBXNativeTarget;
			buildConfigurationList = 8CF7CEBD212BA7750039A307 /* Build configuration list for PBXNativeTarget "127. 拓扑排序" */;
			buildPhases = (
				8CF7CEB3212BA7750039A307 /* Sources */,
				8CF7CEB4212BA7750039A307 /* Frameworks */,
				8CF7CEB5212BA7750039A307 /* CopyFiles */,
			);
			buildRules = (
			);
			dependencies = (
			);
			name = "127. 拓扑排序";
			productName = "127. 拓扑排序";
			productReference = 8CF7CEB7212BA7750039A307 /* 127. 拓扑排序 */;
			productType = "com.apple.product-type.tool";
		};
/* End PBXNativeTarget section */

/* Begin PBXProject section */
		8CAE138821246D3B006BE59B /* Project object */ = {
			isa = PBXProject;
			attributes = {
				LastUpgradeCheck = 0940;
				ORGANIZATIONNAME = minecode;
				TargetAttributes = {
					8C66D67121292DBC00B66906 = {
						CreatedOnToolsVersion = 9.4.1;
					};
					8C66D67C2129315400B66906 = {
						CreatedOnToolsVersion = 9.4.1;
					};
					8C688D8E212C320900A152A9 = {
						CreatedOnToolsVersion = 9.4.1;
					};
					8C688D99212C351100A152A9 = {
						CreatedOnToolsVersion = 9.4.1;
					};
					8C688DA4212C51A000A152A9 = {
						CreatedOnToolsVersion = 9.4.1;
					};
					8C688DAF212C599000A152A9 = {
						CreatedOnToolsVersion = 9.4.1;
					};
					8C7A1D622128468D00D4979E = {
						CreatedOnToolsVersion = 9.4.1;
					};
					8C7A1D6D21286CC500D4979E = {
						CreatedOnToolsVersion = 9.4.1;
					};
					8C7C599B212D291900743358 = {
						CreatedOnToolsVersion = 9.4.1;
					};
					8C7C59A8212D615C00743358 = {
						CreatedOnToolsVersion = 9.4.1;
					};
					8C7C59B3212D653C00743358 = {
						CreatedOnToolsVersion = 9.4.1;
					};
					8C7E84F8212693C500621AD4 = {
						CreatedOnToolsVersion = 9.4.1;
					};
					8C7E8503212694FD00621AD4 = {
						CreatedOnToolsVersion = 9.4.1;
					};
					8C99AC83212D100E00039647 = {
						CreatedOnToolsVersion = 9.4.1;
					};
					8CAE138F21246D3B006BE59B = {
						CreatedOnToolsVersion = 9.4.1;
					};
					8CAE139D21246EDD006BE59B = {
						CreatedOnToolsVersion = 9.4.1;
					};
					8CAE13A82124852C006BE59B = {
						CreatedOnToolsVersion = 9.4.1;
					};
					8CAE13B321248B16006BE59B = {
						CreatedOnToolsVersion = 9.4.1;
					};
					8CF7CEB6212BA7750039A307 = {
						CreatedOnToolsVersion = 9.4.1;
					};
				};
			};
			buildConfigurationList = 8CAE138B21246D3B006BE59B /* Build configuration list for PBXProject "LintCode-Airbnb" */;
			compatibilityVersion = "Xcode 9.3";
			developmentRegion = en;
			hasScannedForEncodings = 0;
			knownRegions = (
				en,
			);
			mainGroup = 8CAE138721246D3B006BE59B;
			productRefGroup = 8CAE139121246D3B006BE59B /* Products */;
			projectDirPath = "";
			projectRoot = "";
			targets = (
				8CAE138F21246D3B006BE59B /* LintCode-Airbnb */,
				8CAE139D21246EDD006BE59B /* 56. 两数之和 */,
				8CAE13A82124852C006BE59B /* 82. 落单的数 */,
				8CAE13B321248B16006BE59B /* 104. Merge K Sorted Lists */,
				8C7E84F8212693C500621AD4 /* 132. 单词搜索 II */,
				8C7E8503212694FD00621AD4 /* 123. 单词搜索 */,
				8C7A1D622128468D00D4979E /* 442. 实现 Trie（前缀树） */,
				8C7A1D6D21286CC500D4979E /* 134. LRU缓存策略 */,
				8C66D67121292DBC00B66906 /* 540. 左旋右旋迭代器 */,
				8C66D67C2129315400B66906 /* 541. 左旋右旋迭代器 II */,
				8CF7CEB6212BA7750039A307 /* 127. 拓扑排序 */,
				8C688D8E212C320900A152A9 /* 615. 课程表 */,
				8C688D99212C351100A152A9 /* 616. 安排课程 */,
				8C688DA4212C51A000A152A9 /* 380. 两个链表的交叉 */,
				8C688DAF212C599000A152A9 /* 392. 打劫房屋 */,
				8C99AC83212D100E00039647 /* 363. 接雨水 */,
				8C7C599B212D291900743358 /* 436. 最大正方形 */,
				8C7C59A8212D615C00743358 /* 978. Basic Calculator */,
				8C7C59B3212D653C00743358 /* 980. Basic Calculator II */,
			);
		};
/* End PBXProject section */

/* Begin PBXSourcesBuildPhase section */
		8C66D66E21292DBC00B66906 /* Sources */ = {
			isa = PBXSourcesBuildPhase;
			buildActionMask = 2147483647;
			files = (
				8C66D67521292DBC00B66906 /* main.cpp in Sources */,
			);
			runOnlyForDeploymentPostprocessing = 0;
		};
		8C66D6792129315400B66906 /* Sources */ = {
			isa = PBXSourcesBuildPhase;
			buildActionMask = 2147483647;
			files = (
				8C66D6802129315400B66906 /* main.cpp in Sources */,
			);
			runOnlyForDeploymentPostprocessing = 0;
		};
		8C688D8B212C320900A152A9 /* Sources */ = {
			isa = PBXSourcesBuildPhase;
			buildActionMask = 2147483647;
			files = (
				8C688D92212C320900A152A9 /* main.cpp in Sources */,
			);
			runOnlyForDeploymentPostprocessing = 0;
		};
		8C688D96212C351100A152A9 /* Sources */ = {
			isa = PBXSourcesBuildPhase;
			buildActionMask = 2147483647;
			files = (
				8C688D9D212C351100A152A9 /* main.cpp in Sources */,
			);
			runOnlyForDeploymentPostprocessing = 0;
		};
		8C688DA1212C51A000A152A9 /* Sources */ = {
			isa = PBXSourcesBuildPhase;
			buildActionMask = 2147483647;
			files = (
				8C688DA8212C51A000A152A9 /* main.cpp in Sources */,
			);
			runOnlyForDeploymentPostprocessing = 0;
		};
		8C688DAC212C599000A152A9 /* Sources */ = {
			isa = PBXSourcesBuildPhase;
			buildActionMask = 2147483647;
			files = (
				8C688DB3212C599100A152A9 /* main.cpp in Sources */,
			);
			runOnlyForDeploymentPostprocessing = 0;
		};
		8C7A1D5F2128468D00D4979E /* Sources */ = {
			isa = PBXSourcesBuildPhase;
			buildActionMask = 2147483647;
			files = (
				8C7A1D662128468D00D4979E /* main.cpp in Sources */,
			);
			runOnlyForDeploymentPostprocessing = 0;
		};
		8C7A1D6A21286CC500D4979E /* Sources */ = {
			isa = PBXSourcesBuildPhase;
			buildActionMask = 2147483647;
			files = (
				8C7A1D7121286CC500D4979E /* main.cpp in Sources */,
			);
			runOnlyForDeploymentPostprocessing = 0;
		};
		8C7C5998212D291900743358 /* Sources */ = {
			isa = PBXSourcesBuildPhase;
			buildActionMask = 2147483647;
			files = (
				8C7C599F212D291900743358 /* main.cpp in Sources */,
			);
			runOnlyForDeploymentPostprocessing = 0;
		};
		8C7C59A5212D615C00743358 /* Sources */ = {
			isa = PBXSourcesBuildPhase;
			buildActionMask = 2147483647;
			files = (
				8C7C59AC212D615D00743358 /* main.cpp in Sources */,
			);
			runOnlyForDeploymentPostprocessing = 0;
		};
		8C7C59B0212D653C00743358 /* Sources */ = {
			isa = PBXSourcesBuildPhase;
			buildActionMask = 2147483647;
			files = (
				8C7C59B7212D653D00743358 /* main.cpp in Sources */,
			);
			runOnlyForDeploymentPostprocessing = 0;
		};
		8C7E84F5212693C500621AD4 /* Sources */ = {
			isa = PBXSourcesBuildPhase;
			buildActionMask = 2147483647;
			files = (
				8C7E84FC212693C500621AD4 /* main.cpp in Sources */,
			);
			runOnlyForDeploymentPostprocessing = 0;
		};
		8C7E8500212694FD00621AD4 /* Sources */ = {
			isa = PBXSourcesBuildPhase;
			buildActionMask = 2147483647;
			files = (
				8C7E8507212694FD00621AD4 /* main.cpp in Sources */,
			);
			runOnlyForDeploymentPostprocessing = 0;
		};
		8C99AC80212D100E00039647 /* Sources */ = {
			isa = PBXSourcesBuildPhase;
			buildActionMask = 2147483647;
			files = (
				8C99AC87212D100E00039647 /* main.cpp in Sources */,
			);
			runOnlyForDeploymentPostprocessing = 0;
		};
		8CAE138C21246D3B006BE59B /* Sources */ = {
			isa = PBXSourcesBuildPhase;
			buildActionMask = 2147483647;
			files = (
				8CAE139421246D3B006BE59B /* main.cpp in Sources */,
			);
			runOnlyForDeploymentPostprocessing = 0;
		};
		8CAE139A21246EDD006BE59B /* Sources */ = {
			isa = PBXSourcesBuildPhase;
			buildActionMask = 2147483647;
			files = (
				8CAE13A121246EDD006BE59B /* main.cpp in Sources */,
			);
			runOnlyForDeploymentPostprocessing = 0;
		};
		8CAE13A52124852C006BE59B /* Sources */ = {
			isa = PBXSourcesBuildPhase;
			buildActionMask = 2147483647;
			files = (
				8CAE13AC2124852C006BE59B /* main.cpp in Sources */,
			);
			runOnlyForDeploymentPostprocessing = 0;
		};
		8CAE13B021248B16006BE59B /* Sources */ = {
			isa = PBXSourcesBuildPhase;
			buildActionMask = 2147483647;
			files = (
				8CAE13B721248B16006BE59B /* main.cpp in Sources */,
			);
			runOnlyForDeploymentPostprocessing = 0;
		};
		8CF7CEB3212BA7750039A307 /* Sources */ = {
			isa = PBXSourcesBuildPhase;
			buildActionMask = 2147483647;
			files = (
				8CF7CEBA212BA7750039A307 /* main.cpp in Sources */,
			);
			runOnlyForDeploymentPostprocessing = 0;
		};
/* End PBXSourcesBuildPhase section */

/* Begin XCBuildConfiguration section */
		8C66D67621292DBC00B66906 /* Debug */ = {
			isa = XCBuildConfiguration;
			buildSettings = {
				CODE_SIGN_STYLE = Automatic;
				DEVELOPMENT_TEAM = XQ4VPYFFH5;
				PRODUCT_NAME = "$(TARGET_NAME)";
			};
			name = Debug;
		};
		8C66D67721292DBC00B66906 /* Release */ = {
			isa = XCBuildConfiguration;
			buildSettings = {
				CODE_SIGN_STYLE = Automatic;
				DEVELOPMENT_TEAM = XQ4VPYFFH5;
				PRODUCT_NAME = "$(TARGET_NAME)";
			};
			name = Release;
		};
		8C66D6812129315400B66906 /* Debug */ = {
			isa = XCBuildConfiguration;
			buildSettings = {
				CODE_SIGN_STYLE = Automatic;
				DEVELOPMENT_TEAM = XQ4VPYFFH5;
				PRODUCT_NAME = "$(TARGET_NAME)";
			};
			name = Debug;
		};
		8C66D6822129315400B66906 /* Release */ = {
			isa = XCBuildConfiguration;
			buildSettings = {
				CODE_SIGN_STYLE = Automatic;
				DEVELOPMENT_TEAM = XQ4VPYFFH5;
				PRODUCT_NAME = "$(TARGET_NAME)";
			};
			name = Release;
		};
		8C688D93212C320900A152A9 /* Debug */ = {
			isa = XCBuildConfiguration;
			buildSettings = {
				CODE_SIGN_STYLE = Automatic;
				DEVELOPMENT_TEAM = XQ4VPYFFH5;
				PRODUCT_NAME = "$(TARGET_NAME)";
			};
			name = Debug;
		};
		8C688D94212C320900A152A9 /* Release */ = {
			isa = XCBuildConfiguration;
			buildSettings = {
				CODE_SIGN_STYLE = Automatic;
				DEVELOPMENT_TEAM = XQ4VPYFFH5;
				PRODUCT_NAME = "$(TARGET_NAME)";
			};
			name = Release;
		};
		8C688D9F212C351100A152A9 /* Debug */ = {
			isa = XCBuildConfiguration;
			buildSettings = {
				CODE_SIGN_STYLE = Automatic;
				DEVELOPMENT_TEAM = XQ4VPYFFH5;
				PRODUCT_NAME = "$(TARGET_NAME)";
			};
			name = Debug;
		};
		8C688DA0212C351100A152A9 /* Release */ = {
			isa = XCBuildConfiguration;
			buildSettings = {
				CODE_SIGN_STYLE = Automatic;
				DEVELOPMENT_TEAM = XQ4VPYFFH5;
				PRODUCT_NAME = "$(TARGET_NAME)";
			};
			name = Release;
		};
		8C688DAA212C51A000A152A9 /* Debug */ = {
			isa = XCBuildConfiguration;
			buildSettings = {
				CODE_SIGN_STYLE = Automatic;
				DEVELOPMENT_TEAM = XQ4VPYFFH5;
				PRODUCT_NAME = "$(TARGET_NAME)";
			};
			name = Debug;
		};
		8C688DAB212C51A000A152A9 /* Release */ = {
			isa = XCBuildConfiguration;
			buildSettings = {
				CODE_SIGN_STYLE = Automatic;
				DEVELOPMENT_TEAM = XQ4VPYFFH5;
				PRODUCT_NAME = "$(TARGET_NAME)";
			};
			name = Release;
		};
		8C688DB5212C599100A152A9 /* Debug */ = {
			isa = XCBuildConfiguration;
			buildSettings = {
				CODE_SIGN_STYLE = Automatic;
				DEVELOPMENT_TEAM = XQ4VPYFFH5;
				PRODUCT_NAME = "$(TARGET_NAME)";
			};
			name = Debug;
		};
		8C688DB6212C599100A152A9 /* Release */ = {
			isa = XCBuildConfiguration;
			buildSettings = {
				CODE_SIGN_STYLE = Automatic;
				DEVELOPMENT_TEAM = XQ4VPYFFH5;
				PRODUCT_NAME = "$(TARGET_NAME)";
			};
			name = Release;
		};
		8C7A1D672128468D00D4979E /* Debug */ = {
			isa = XCBuildConfiguration;
			buildSettings = {
				CODE_SIGN_STYLE = Automatic;
				DEVELOPMENT_TEAM = XQ4VPYFFH5;
				PRODUCT_NAME = "$(TARGET_NAME)";
			};
			name = Debug;
		};
		8C7A1D682128468D00D4979E /* Release */ = {
			isa = XCBuildConfiguration;
			buildSettings = {
				CODE_SIGN_STYLE = Automatic;
				DEVELOPMENT_TEAM = XQ4VPYFFH5;
				PRODUCT_NAME = "$(TARGET_NAME)";
			};
			name = Release;
		};
		8C7A1D7221286CC500D4979E /* Debug */ = {
			isa = XCBuildConfiguration;
			buildSettings = {
				CODE_SIGN_STYLE = Automatic;
				DEVELOPMENT_TEAM = XQ4VPYFFH5;
				PRODUCT_NAME = "$(TARGET_NAME)";
			};
			name = Debug;
		};
		8C7A1D7321286CC500D4979E /* Release */ = {
			isa = XCBuildConfiguration;
			buildSettings = {
				CODE_SIGN_STYLE = Automatic;
				DEVELOPMENT_TEAM = XQ4VPYFFH5;
				PRODUCT_NAME = "$(TARGET_NAME)";
			};
			name = Release;
		};
		8C7C59A0212D291900743358 /* Debug */ = {
			isa = XCBuildConfiguration;
			buildSettings = {
				CODE_SIGN_STYLE = Automatic;
				DEVELOPMENT_TEAM = XQ4VPYFFH5;
				PRODUCT_NAME = "$(TARGET_NAME)";
			};
			name = Debug;
		};
		8C7C59A1212D291900743358 /* Release */ = {
			isa = XCBuildConfiguration;
			buildSettings = {
				CODE_SIGN_STYLE = Automatic;
				DEVELOPMENT_TEAM = XQ4VPYFFH5;
				PRODUCT_NAME = "$(TARGET_NAME)";
			};
			name = Release;
		};
		8C7C59AD212D615D00743358 /* Debug */ = {
			isa = XCBuildConfiguration;
			buildSettings = {
				CODE_SIGN_STYLE = Automatic;
				DEVELOPMENT_TEAM = XQ4VPYFFH5;
				PRODUCT_NAME = "$(TARGET_NAME)";
			};
			name = Debug;
		};
		8C7C59AE212D615D00743358 /* Release */ = {
			isa = XCBuildConfiguration;
			buildSettings = {
				CODE_SIGN_STYLE = Automatic;
				DEVELOPMENT_TEAM = XQ4VPYFFH5;
				PRODUCT_NAME = "$(TARGET_NAME)";
			};
			name = Release;
		};
		8C7C59B9212D653D00743358 /* Debug */ = {
			isa = XCBuildConfiguration;
			buildSettings = {
				CODE_SIGN_STYLE = Automatic;
				DEVELOPMENT_TEAM = XQ4VPYFFH5;
				PRODUCT_NAME = "$(TARGET_NAME)";
			};
			name = Debug;
		};
		8C7C59BA212D653D00743358 /* Release */ = {
			isa = XCBuildConfiguration;
			buildSettings = {
				CODE_SIGN_STYLE = Automatic;
				DEVELOPMENT_TEAM = XQ4VPYFFH5;
				PRODUCT_NAME = "$(TARGET_NAME)";
			};
			name = Release;
		};
		8C7E84FD212693C500621AD4 /* Debug */ = {
			isa = XCBuildConfiguration;
			buildSettings = {
				CODE_SIGN_STYLE = Automatic;
				DEVELOPMENT_TEAM = XQ4VPYFFH5;
				PRODUCT_NAME = "$(TARGET_NAME)";
			};
			name = Debug;
		};
		8C7E84FE212693C500621AD4 /* Release */ = {
			isa = XCBuildConfiguration;
			buildSettings = {
				CODE_SIGN_STYLE = Automatic;
				DEVELOPMENT_TEAM = XQ4VPYFFH5;
				PRODUCT_NAME = "$(TARGET_NAME)";
			};
			name = Release;
		};
		8C7E8509212694FD00621AD4 /* Debug */ = {
			isa = XCBuildConfiguration;
			buildSettings = {
				CODE_SIGN_STYLE = Automatic;
				DEVELOPMENT_TEAM = XQ4VPYFFH5;
				PRODUCT_NAME = "$(TARGET_NAME)";
			};
			name = Debug;
		};
		8C7E850A212694FD00621AD4 /* Release */ = {
			isa = XCBuildConfiguration;
			buildSettings = {
				CODE_SIGN_STYLE = Automatic;
				DEVELOPMENT_TEAM = XQ4VPYFFH5;
				PRODUCT_NAME = "$(TARGET_NAME)";
			};
			name = Release;
		};
		8C99AC88212D100E00039647 /* Debug */ = {
			isa = XCBuildConfiguration;
			buildSettings = {
				CODE_SIGN_STYLE = Automatic;
				DEVELOPMENT_TEAM = XQ4VPYFFH5;
				PRODUCT_NAME = "$(TARGET_NAME)";
			};
			name = Debug;
		};
		8C99AC89212D100E00039647 /* Release */ = {
			isa = XCBuildConfiguration;
			buildSettings = {
				CODE_SIGN_STYLE = Automatic;
				DEVELOPMENT_TEAM = XQ4VPYFFH5;
				PRODUCT_NAME = "$(TARGET_NAME)";
			};
			name = Release;
		};
		8CAE139521246D3B006BE59B /* Debug */ = {
			isa = XCBuildConfiguration;
			buildSettings = {
				ALWAYS_SEARCH_USER_PATHS = NO;
				CLANG_ANALYZER_NONNULL = YES;
				CLANG_ANALYZER_NUMBER_OBJECT_CONVERSION = YES_AGGRESSIVE;
				CLANG_CXX_LANGUAGE_STANDARD = "gnu++14";
				CLANG_CXX_LIBRARY = "libc++";
				CLANG_ENABLE_MODULES = YES;
				CLANG_ENABLE_OBJC_ARC = YES;
				CLANG_ENABLE_OBJC_WEAK = YES;
				CLANG_WARN_BLOCK_CAPTURE_AUTORELEASING = YES;
				CLANG_WARN_BOOL_CONVERSION = YES;
				CLANG_WARN_COMMA = YES;
				CLANG_WARN_CONSTANT_CONVERSION = YES;
				CLANG_WARN_DEPRECATED_OBJC_IMPLEMENTATIONS = YES;
				CLANG_WARN_DIRECT_OBJC_ISA_USAGE = YES_ERROR;
				CLANG_WARN_DOCUMENTATION_COMMENTS = YES;
				CLANG_WARN_EMPTY_BODY = YES;
				CLANG_WARN_ENUM_CONVERSION = YES;
				CLANG_WARN_INFINITE_RECURSION = YES;
				CLANG_WARN_INT_CONVERSION = YES;
				CLANG_WARN_NON_LITERAL_NULL_CONVERSION = YES;
				CLANG_WARN_OBJC_IMPLICIT_RETAIN_SELF = YES;
				CLANG_WARN_OBJC_LITERAL_CONVERSION = YES;
				CLANG_WARN_OBJC_ROOT_CLASS = YES_ERROR;
				CLANG_WARN_RANGE_LOOP_ANALYSIS = YES;
				CLANG_WARN_STRICT_PROTOTYPES = YES;
				CLANG_WARN_SUSPICIOUS_MOVE = YES;
				CLANG_WARN_UNGUARDED_AVAILABILITY = YES_AGGRESSIVE;
				CLANG_WARN_UNREACHABLE_CODE = YES;
				CLANG_WARN__DUPLICATE_METHOD_MATCH = YES;
				CODE_SIGN_IDENTITY = "Mac Developer";
				COPY_PHASE_STRIP = NO;
				DEBUG_INFORMATION_FORMAT = dwarf;
				ENABLE_STRICT_OBJC_MSGSEND = YES;
				ENABLE_TESTABILITY = YES;
				GCC_C_LANGUAGE_STANDARD = gnu11;
				GCC_DYNAMIC_NO_PIC = NO;
				GCC_NO_COMMON_BLOCKS = YES;
				GCC_OPTIMIZATION_LEVEL = 0;
				GCC_PREPROCESSOR_DEFINITIONS = (
					"DEBUG=1",
					"$(inherited)",
				);
				GCC_WARN_64_TO_32_BIT_CONVERSION = YES;
				GCC_WARN_ABOUT_RETURN_TYPE = YES_ERROR;
				GCC_WARN_UNDECLARED_SELECTOR = YES;
				GCC_WARN_UNINITIALIZED_AUTOS = YES_AGGRESSIVE;
				GCC_WARN_UNUSED_FUNCTION = YES;
				GCC_WARN_UNUSED_VARIABLE = YES;
				MACOSX_DEPLOYMENT_TARGET = 10.14;
				MTL_ENABLE_DEBUG_INFO = YES;
				ONLY_ACTIVE_ARCH = YES;
				SDKROOT = macosx;
			};
			name = Debug;
		};
		8CAE139621246D3B006BE59B /* Release */ = {
			isa = XCBuildConfiguration;
			buildSettings = {
				ALWAYS_SEARCH_USER_PATHS = NO;
				CLANG_ANALYZER_NONNULL = YES;
				CLANG_ANALYZER_NUMBER_OBJECT_CONVERSION = YES_AGGRESSIVE;
				CLANG_CXX_LANGUAGE_STANDARD = "gnu++14";
				CLANG_CXX_LIBRARY = "libc++";
				CLANG_ENABLE_MODULES = YES;
				CLANG_ENABLE_OBJC_ARC = YES;
				CLANG_ENABLE_OBJC_WEAK = YES;
				CLANG_WARN_BLOCK_CAPTURE_AUTORELEASING = YES;
				CLANG_WARN_BOOL_CONVERSION = YES;
				CLANG_WARN_COMMA = YES;
				CLANG_WARN_CONSTANT_CONVERSION = YES;
				CLANG_WARN_DEPRECATED_OBJC_IMPLEMENTATIONS = YES;
				CLANG_WARN_DIRECT_OBJC_ISA_USAGE = YES_ERROR;
				CLANG_WARN_DOCUMENTATION_COMMENTS = YES;
				CLANG_WARN_EMPTY_BODY = YES;
				CLANG_WARN_ENUM_CONVERSION = YES;
				CLANG_WARN_INFINITE_RECURSION = YES;
				CLANG_WARN_INT_CONVERSION = YES;
				CLANG_WARN_NON_LITERAL_NULL_CONVERSION = YES;
				CLANG_WARN_OBJC_IMPLICIT_RETAIN_SELF = YES;
				CLANG_WARN_OBJC_LITERAL_CONVERSION = YES;
				CLANG_WARN_OBJC_ROOT_CLASS = YES_ERROR;
				CLANG_WARN_RANGE_LOOP_ANALYSIS = YES;
				CLANG_WARN_STRICT_PROTOTYPES = YES;
				CLANG_WARN_SUSPICIOUS_MOVE = YES;
				CLANG_WARN_UNGUARDED_AVAILABILITY = YES_AGGRESSIVE;
				CLANG_WARN_UNREACHABLE_CODE = YES;
				CLANG_WARN__DUPLICATE_METHOD_MATCH = YES;
				CODE_SIGN_IDENTITY = "Mac Developer";
				COPY_PHASE_STRIP = NO;
				DEBUG_INFORMATION_FORMAT = "dwarf-with-dsym";
				ENABLE_NS_ASSERTIONS = NO;
				ENABLE_STRICT_OBJC_MSGSEND = YES;
				GCC_C_LANGUAGE_STANDARD = gnu11;
				GCC_NO_COMMON_BLOCKS = YES;
				GCC_WARN_64_TO_32_BIT_CONVERSION = YES;
				GCC_WARN_ABOUT_RETURN_TYPE = YES_ERROR;
				GCC_WARN_UNDECLARED_SELECTOR = YES;
				GCC_WARN_UNINITIALIZED_AUTOS = YES_AGGRESSIVE;
				GCC_WARN_UNUSED_FUNCTION = YES;
				GCC_WARN_UNUSED_VARIABLE = YES;
				MACOSX_DEPLOYMENT_TARGET = 10.14;
				MTL_ENABLE_DEBUG_INFO = NO;
				SDKROOT = macosx;
			};
			name = Release;
		};
		8CAE139821246D3B006BE59B /* Debug */ = {
			isa = XCBuildConfiguration;
			buildSettings = {
				CODE_SIGN_STYLE = Automatic;
				DEVELOPMENT_TEAM = XQ4VPYFFH5;
				PRODUCT_NAME = "$(TARGET_NAME)";
			};
			name = Debug;
		};
		8CAE139921246D3B006BE59B /* Release */ = {
			isa = XCBuildConfiguration;
			buildSettings = {
				CODE_SIGN_STYLE = Automatic;
				DEVELOPMENT_TEAM = XQ4VPYFFH5;
				PRODUCT_NAME = "$(TARGET_NAME)";
			};
			name = Release;
		};
		8CAE13A321246EDD006BE59B /* Debug */ = {
			isa = XCBuildConfiguration;
			buildSettings = {
				CODE_SIGN_STYLE = Automatic;
				DEVELOPMENT_TEAM = XQ4VPYFFH5;
				PRODUCT_NAME = "$(TARGET_NAME)";
			};
			name = Debug;
		};
		8CAE13A421246EDD006BE59B /* Release */ = {
			isa = XCBuildConfiguration;
			buildSettings = {
				CODE_SIGN_STYLE = Automatic;
				DEVELOPMENT_TEAM = XQ4VPYFFH5;
				PRODUCT_NAME = "$(TARGET_NAME)";
			};
			name = Release;
		};
		8CAE13AE2124852C006BE59B /* Debug */ = {
			isa = XCBuildConfiguration;
			buildSettings = {
				CODE_SIGN_STYLE = Automatic;
				DEVELOPMENT_TEAM = XQ4VPYFFH5;
				PRODUCT_NAME = "$(TARGET_NAME)";
			};
			name = Debug;
		};
		8CAE13AF2124852C006BE59B /* Release */ = {
			isa = XCBuildConfiguration;
			buildSettings = {
				CODE_SIGN_STYLE = Automatic;
				DEVELOPMENT_TEAM = XQ4VPYFFH5;
				PRODUCT_NAME = "$(TARGET_NAME)";
			};
			name = Release;
		};
		8CAE13B921248B16006BE59B /* Debug */ = {
			isa = XCBuildConfiguration;
			buildSettings = {
				CODE_SIGN_STYLE = Automatic;
				DEVELOPMENT_TEAM = XQ4VPYFFH5;
				PRODUCT_NAME = "$(TARGET_NAME)";
			};
			name = Debug;
		};
		8CAE13BA21248B16006BE59B /* Release */ = {
			isa = XCBuildConfiguration;
			buildSettings = {
				CODE_SIGN_STYLE = Automatic;
				DEVELOPMENT_TEAM = XQ4VPYFFH5;
				PRODUCT_NAME = "$(TARGET_NAME)";
			};
			name = Release;
		};
		8CF7CEBB212BA7750039A307 /* Debug */ = {
			isa = XCBuildConfiguration;
			buildSettings = {
				CODE_SIGN_STYLE = Automatic;
				DEVELOPMENT_TEAM = XQ4VPYFFH5;
				PRODUCT_NAME = "$(TARGET_NAME)";
			};
			name = Debug;
		};
		8CF7CEBC212BA7750039A307 /* Release */ = {
			isa = XCBuildConfiguration;
			buildSettings = {
				CODE_SIGN_STYLE = Automatic;
				DEVELOPMENT_TEAM = XQ4VPYFFH5;
				PRODUCT_NAME = "$(TARGET_NAME)";
			};
			name = Release;
		};
/* End XCBuildConfiguration section */

/* Begin XCConfigurationList section */
		8C66D67821292DBC00B66906 /* Build configuration list for PBXNativeTarget "540. 左旋右旋迭代器" */ = {
			isa = XCConfigurationList;
			buildConfigurations = (
				8C66D67621292DBC00B66906 /* Debug */,
				8C66D67721292DBC00B66906 /* Release */,
			);
			defaultConfigurationIsVisible = 0;
			defaultConfigurationName = Release;
		};
		8C66D6832129315400B66906 /* Build configuration list for PBXNativeTarget "541. 左旋右旋迭代器 II" */ = {
			isa = XCConfigurationList;
			buildConfigurations = (
				8C66D6812129315400B66906 /* Debug */,
				8C66D6822129315400B66906 /* Release */,
			);
			defaultConfigurationIsVisible = 0;
			defaultConfigurationName = Release;
		};
		8C688D95212C320900A152A9 /* Build configuration list for PBXNativeTarget "615. 课程表" */ = {
			isa = XCConfigurationList;
			buildConfigurations = (
				8C688D93212C320900A152A9 /* Debug */,
				8C688D94212C320900A152A9 /* Release */,
			);
			defaultConfigurationIsVisible = 0;
			defaultConfigurationName = Release;
		};
		8C688D9E212C351100A152A9 /* Build configuration list for PBXNativeTarget "616. 安排课程" */ = {
			isa = XCConfigurationList;
			buildConfigurations = (
				8C688D9F212C351100A152A9 /* Debug */,
				8C688DA0212C351100A152A9 /* Release */,
			);
			defaultConfigurationIsVisible = 0;
			defaultConfigurationName = Release;
		};
		8C688DA9212C51A000A152A9 /* Build configuration list for PBXNativeTarget "380. 两个链表的交叉" */ = {
			isa = XCConfigurationList;
			buildConfigurations = (
				8C688DAA212C51A000A152A9 /* Debug */,
				8C688DAB212C51A000A152A9 /* Release */,
			);
			defaultConfigurationIsVisible = 0;
			defaultConfigurationName = Release;
		};
		8C688DB4212C599100A152A9 /* Build configuration list for PBXNativeTarget "392. 打劫房屋" */ = {
			isa = XCConfigurationList;
			buildConfigurations = (
				8C688DB5212C599100A152A9 /* Debug */,
				8C688DB6212C599100A152A9 /* Release */,
			);
			defaultConfigurationIsVisible = 0;
			defaultConfigurationName = Release;
		};
		8C7A1D692128468D00D4979E /* Build configuration list for PBXNativeTarget "442. 实现 Trie（前缀树）" */ = {
			isa = XCConfigurationList;
			buildConfigurations = (
				8C7A1D672128468D00D4979E /* Debug */,
				8C7A1D682128468D00D4979E /* Release */,
			);
			defaultConfigurationIsVisible = 0;
			defaultConfigurationName = Release;
		};
		8C7A1D7421286CC500D4979E /* Build configuration list for PBXNativeTarget "134. LRU缓存策略" */ = {
			isa = XCConfigurationList;
			buildConfigurations = (
				8C7A1D7221286CC500D4979E /* Debug */,
				8C7A1D7321286CC500D4979E /* Release */,
			);
			defaultConfigurationIsVisible = 0;
			defaultConfigurationName = Release;
		};
		8C7C59A2212D291900743358 /* Build configuration list for PBXNativeTarget "436. 最大正方形" */ = {
			isa = XCConfigurationList;
			buildConfigurations = (
				8C7C59A0212D291900743358 /* Debug */,
				8C7C59A1212D291900743358 /* Release */,
			);
			defaultConfigurationIsVisible = 0;
			defaultConfigurationName = Release;
		};
		8C7C59AF212D615D00743358 /* Build configuration list for PBXNativeTarget "978. Basic Calculator" */ = {
			isa = XCConfigurationList;
			buildConfigurations = (
				8C7C59AD212D615D00743358 /* Debug */,
				8C7C59AE212D615D00743358 /* Release */,
			);
			defaultConfigurationIsVisible = 0;
			defaultConfigurationName = Release;
		};
		8C7C59B8212D653D00743358 /* Build configuration list for PBXNativeTarget "980. Basic Calculator II" */ = {
			isa = XCConfigurationList;
			buildConfigurations = (
				8C7C59B9212D653D00743358 /* Debug */,
				8C7C59BA212D653D00743358 /* Release */,
			);
			defaultConfigurationIsVisible = 0;
			defaultConfigurationName = Release;
		};
		8C7E84FF212693C500621AD4 /* Build configuration list for PBXNativeTarget "132. 单词搜索 II" */ = {
			isa = XCConfigurationList;
			buildConfigurations = (
				8C7E84FD212693C500621AD4 /* Debug */,
				8C7E84FE212693C500621AD4 /* Release */,
			);
			defaultConfigurationIsVisible = 0;
			defaultConfigurationName = Release;
		};
		8C7E8508212694FD00621AD4 /* Build configuration list for PBXNativeTarget "123. 单词搜索" */ = {
			isa = XCConfigurationList;
			buildConfigurations = (
				8C7E8509212694FD00621AD4 /* Debug */,
				8C7E850A212694FD00621AD4 /* Release */,
			);
			defaultConfigurationIsVisible = 0;
			defaultConfigurationName = Release;
		};
		8C99AC8A212D100E00039647 /* Build configuration list for PBXNativeTarget "363. 接雨水" */ = {
			isa = XCConfigurationList;
			buildConfigurations = (
				8C99AC88212D100E00039647 /* Debug */,
				8C99AC89212D100E00039647 /* Release */,
			);
			defaultConfigurationIsVisible = 0;
			defaultConfigurationName = Release;
		};
		8CAE138B21246D3B006BE59B /* Build configuration list for PBXProject "LintCode-Airbnb" */ = {
			isa = XCConfigurationList;
			buildConfigurations = (
				8CAE139521246D3B006BE59B /* Debug */,
				8CAE139621246D3B006BE59B /* Release */,
			);
			defaultConfigurationIsVisible = 0;
			defaultConfigurationName = Release;
		};
		8CAE139721246D3B006BE59B /* Build configuration list for PBXNativeTarget "LintCode-Airbnb" */ = {
			isa = XCConfigurationList;
			buildConfigurations = (
				8CAE139821246D3B006BE59B /* Debug */,
				8CAE139921246D3B006BE59B /* Release */,
			);
			defaultConfigurationIsVisible = 0;
			defaultConfigurationName = Release;
		};
		8CAE13A221246EDD006BE59B /* Build configuration list for PBXNativeTarget "56. 两数之和" */ = {
			isa = XCConfigurationList;
			buildConfigurations = (
				8CAE13A321246EDD006BE59B /* Debug */,
				8CAE13A421246EDD006BE59B /* Release */,
			);
			defaultConfigurationIsVisible = 0;
			defaultConfigurationName = Release;
		};
		8CAE13AD2124852C006BE59B /* Build configuration list for PBXNativeTarget "82. 落单的数" */ = {
			isa = XCConfigurationList;
			buildConfigurations = (
				8CAE13AE2124852C006BE59B /* Debug */,
				8CAE13AF2124852C006BE59B /* Release */,
			);
			defaultConfigurationIsVisible = 0;
			defaultConfigurationName = Release;
		};
		8CAE13B821248B16006BE59B /* Build configuration list for PBXNativeTarget "104. Merge K Sorted Lists" */ = {
			isa = XCConfigurationList;
			buildConfigurations = (
				8CAE13B921248B16006BE59B /* Debug */,
				8CAE13BA21248B16006BE59B /* Release */,
			);
			defaultConfigurationIsVisible = 0;
			defaultConfigurationName = Release;
		};
		8CF7CEBD212BA7750039A307 /* Build configuration list for PBXNativeTarget "127. 拓扑排序" */ = {
			isa = XCConfigurationList;
			buildConfigurations = (
				8CF7CEBB212BA7750039A307 /* Debug */,
				8CF7CEBC212BA7750039A307 /* Release */,
			);
			defaultConfigurationIsVisible = 0;
			defaultConfigurationName = Release;
		};
/* End XCConfigurationList section */
	};
	rootObject = 8CAE138821246D3B006BE59B /* Project object */;
}
